// !$*UTF8*$!
{
	archiveVersion = 1;
	classes = {
	};
	objectVersion = 51;
	objects = {

/* Begin PBXBuildFile section */
		342BCE2F2590344C00E5222F /* AppDelegate.m in Sources */ = {isa = PBXBuildFile; fileRef = 342BCE2E2590344C00E5222F /* AppDelegate.m */; };
		342BCE322590344C00E5222F /* SceneDelegate.m in Sources */ = {isa = PBXBuildFile; fileRef = 342BCE312590344C00E5222F /* SceneDelegate.m */; };
		342BCE352590344C00E5222F /* TabVC.m in Sources */ = {isa = PBXBuildFile; fileRef = 342BCE342590344C00E5222F /* TabVC.m */; };
		342BCE382590344C00E5222F /* Main.storyboard in Resources */ = {isa = PBXBuildFile; fileRef = 342BCE362590344C00E5222F /* Main.storyboard */; };
		342BCE3B2590344C00E5222F /* TwinTongji.xcdatamodeld in Sources */ = {isa = PBXBuildFile; fileRef = 342BCE392590344C00E5222F /* TwinTongji.xcdatamodeld */; };
		342BCE3D2590344E00E5222F /* Assets.xcassets in Resources */ = {isa = PBXBuildFile; fileRef = 342BCE3C2590344E00E5222F /* Assets.xcassets */; };
		342BCE402590344E00E5222F /* LaunchScreen.storyboard in Resources */ = {isa = PBXBuildFile; fileRef = 342BCE3E2590344E00E5222F /* LaunchScreen.storyboard */; };
		342BCE432590344E00E5222F /* main.m in Sources */ = {isa = PBXBuildFile; fileRef = 342BCE422590344E00E5222F /* main.m */; };
		342BCE4D2590344E00E5222F /* TwinTongjiTests.m in Sources */ = {isa = PBXBuildFile; fileRef = 342BCE4C2590344E00E5222F /* TwinTongjiTests.m */; };
		342BCE582590344E00E5222F /* TwinTongjiUITests.m in Sources */ = {isa = PBXBuildFile; fileRef = 342BCE572590344E00E5222F /* TwinTongjiUITests.m */; };
		342BCE992591F3C300E5222F /* LoginVC.m in Sources */ = {isa = PBXBuildFile; fileRef = 342BCE982591F3C300E5222F /* LoginVC.m */; };
		342BCE9A2591F3C300E5222F /* LoginVC.m in Sources */ = {isa = PBXBuildFile; fileRef = 342BCE982591F3C300E5222F /* LoginVC.m */; };
		342BCE9B2591F3C300E5222F /* LoginVC.m in Sources */ = {isa = PBXBuildFile; fileRef = 342BCE982591F3C300E5222F /* LoginVC.m */; };
		342BCEAF2593186C00E5222F /* ProfileVC.m in Sources */ = {isa = PBXBuildFile; fileRef = 342BCEAE2593186C00E5222F /* ProfileVC.m */; };
		342BCEB02593186C00E5222F /* ProfileVC.m in Sources */ = {isa = PBXBuildFile; fileRef = 342BCEAE2593186C00E5222F /* ProfileVC.m */; };
		342BCEB12593186C00E5222F /* ProfileVC.m in Sources */ = {isa = PBXBuildFile; fileRef = 342BCEAE2593186C00E5222F /* ProfileVC.m */; };
		342BCEBA259318B400E5222F /* RegisterVC.m in Sources */ = {isa = PBXBuildFile; fileRef = 342BCEB9259318B400E5222F /* RegisterVC.m */; };
		342BCEBB259318B400E5222F /* RegisterVC.m in Sources */ = {isa = PBXBuildFile; fileRef = 342BCEB9259318B400E5222F /* RegisterVC.m */; };
		342BCEBC259318B400E5222F /* RegisterVC.m in Sources */ = {isa = PBXBuildFile; fileRef = 342BCEB9259318B400E5222F /* RegisterVC.m */; };
		342BCEE72593255B00E5222F /* UI_tools.m in Sources */ = {isa = PBXBuildFile; fileRef = 342BCEC72593192D00E5222F /* UI_tools.m */; };
		342BCF15259B3F3200E5222F /* ZJImageMagnification.m in Sources */ = {isa = PBXBuildFile; fileRef = 342BCF14259B3F3100E5222F /* ZJImageMagnification.m */; };
		342BCF1C259CAD2600E5222F /* LoginApi.m in Sources */ = {isa = PBXBuildFile; fileRef = 342BCF1B259CAD2600E5222F /* LoginApi.m */; };
		342BCF2D259D671800E5222F /* RegisterApi.m in Sources */ = {isa = PBXBuildFile; fileRef = 342BCF2C259D671800E5222F /* RegisterApi.m */; };
		342BCF37259D69C900E5222F /* NSString+MD5.m in Sources */ = {isa = PBXBuildFile; fileRef = 342BCF36259D69C900E5222F /* NSString+MD5.m */; };
		342BCFB725A5D60900E5222F /* TwinTongji.m in Sources */ = {isa = PBXBuildFile; fileRef = 342BCFB625A5D60900E5222F /* TwinTongji.m */; };
		342BCFF425A6DE4E00E5222F /* FirstSegVC.m in Sources */ = {isa = PBXBuildFile; fileRef = 342BCFF325A6DE4E00E5222F /* FirstSegVC.m */; };
		342BCFFD25A6F7C300E5222F /* SecondSegVC.m in Sources */ = {isa = PBXBuildFile; fileRef = 342BCFFC25A6F7C300E5222F /* SecondSegVC.m */; };
		342BD00625A6F92000E5222F /* PostVC.m in Sources */ = {isa = PBXBuildFile; fileRef = 342BD00525A6F92000E5222F /* PostVC.m */; };
		342BD01025AC6FE300E5222F /* PostInfo.m in Sources */ = {isa = PBXBuildFile; fileRef = 342BD00F25AC6FE300E5222F /* PostInfo.m */; };
		342BD03125AD7D4D00E5222F /* ForumCell.xib in Resources */ = {isa = PBXBuildFile; fileRef = 342BD03025AD7D4D00E5222F /* ForumCell.xib */; };
		342BD03725AD7D7600E5222F /* ForumCell.m in Sources */ = {isa = PBXBuildFile; fileRef = 342BD03625AD7D7600E5222F /* ForumCell.m */; };
		342BD04025AD7D9400E5222F /* ChatCell.m in Sources */ = {isa = PBXBuildFile; fileRef = 342BD03F25AD7D9400E5222F /* ChatCell.m */; };
		342BD04825AD7D9F00E5222F /* ChatCell.xib in Resources */ = {isa = PBXBuildFile; fileRef = 342BD04725AD7D9F00E5222F /* ChatCell.xib */; };
		342BD05525AD85F000E5222F /* MapAnnotation.m in Sources */ = {isa = PBXBuildFile; fileRef = 342BD05425AD85F000E5222F /* MapAnnotation.m */; };
		342BD05E25AD8A3400E5222F /* ChatVC.m in Sources */ = {isa = PBXBuildFile; fileRef = 342BD05D25AD8A3400E5222F /* ChatVC.m */; };
		342BD06725AD8A5300E5222F /* ForumVC.m in Sources */ = {isa = PBXBuildFile; fileRef = 342BD06625AD8A5200E5222F /* ForumVC.m */; };
		342BD07025AD902A00E5222F /* ChatCellInfo.m in Sources */ = {isa = PBXBuildFile; fileRef = 342BD06F25AD902900E5222F /* ChatCellInfo.m */; };
		34C86CC7261C328200CAF426 /* AuthorityAnnotation.m in Sources */ = {isa = PBXBuildFile; fileRef = 34C86CC6261C328200CAF426 /* AuthorityAnnotation.m */; };
		34C86CD0261C464000CAF426 /* LibDetailVC.m in Sources */ = {isa = PBXBuildFile; fileRef = 34C86CCF261C464000CAF426 /* LibDetailVC.m */; };
		34C86CE2261C4B8E00CAF426 /* LibFloorCell.m in Sources */ = {isa = PBXBuildFile; fileRef = 34C86CE1261C4B8E00CAF426 /* LibFloorCell.m */; };
		34C86CEB261C4BBE00CAF426 /* LibFloorCell.xib in Resources */ = {isa = PBXBuildFile; fileRef = 34C86CEA261C4BBE00CAF426 /* LibFloorCell.xib */; };
		34C86CFB261E8A5F00CAF426 /* 8.png in Resources */ = {isa = PBXBuildFile; fileRef = 34C86CF0261E8A5A00CAF426 /* 8.png */; };
		34C86CFC261E8A5F00CAF426 /* 10.png in Resources */ = {isa = PBXBuildFile; fileRef = 34C86CF1261E8A5B00CAF426 /* 10.png */; };
		34C86CFD261E8A5F00CAF426 /* 4.png in Resources */ = {isa = PBXBuildFile; fileRef = 34C86CF2261E8A5C00CAF426 /* 4.png */; };
		34C86CFE261E8A5F00CAF426 /* 14.png in Resources */ = {isa = PBXBuildFile; fileRef = 34C86CF3261E8A5C00CAF426 /* 14.png */; };
		34C86CFF261E8A5F00CAF426 /* 3.png in Resources */ = {isa = PBXBuildFile; fileRef = 34C86CF4261E8A5C00CAF426 /* 3.png */; };
		34C86D00261E8A5F00CAF426 /* 9.png in Resources */ = {isa = PBXBuildFile; fileRef = 34C86CF5261E8A5D00CAF426 /* 9.png */; };
		34C86D01261E8A5F00CAF426 /* 5.png in Resources */ = {isa = PBXBuildFile; fileRef = 34C86CF6261E8A5D00CAF426 /* 5.png */; };
		34C86D02261E8A5F00CAF426 /* 1.png in Resources */ = {isa = PBXBuildFile; fileRef = 34C86CF7261E8A5E00CAF426 /* 1.png */; };
		34C86D03261E8A5F00CAF426 /* 6.png in Resources */ = {isa = PBXBuildFile; fileRef = 34C86CF8261E8A5E00CAF426 /* 6.png */; };
		34C86D04261E8A5F00CAF426 /* 2.png in Resources */ = {isa = PBXBuildFile; fileRef = 34C86CF9261E8A5F00CAF426 /* 2.png */; };
		34C86D05261E8A5F00CAF426 /* 7.png in Resources */ = {isa = PBXBuildFile; fileRef = 34C86CFA261E8A5F00CAF426 /* 7.png */; };
		34C86D0E261E8DFD00CAF426 /* FloorCellInfo.m in Sources */ = {isa = PBXBuildFile; fileRef = 34C86D0D261E8DFD00CAF426 /* FloorCellInfo.m */; };
		34E3907A25ADB1F500FCC3D9 /* ForumCellInfo.m in Sources */ = {isa = PBXBuildFile; fileRef = 34E3907925ADB1F500FCC3D9 /* ForumCellInfo.m */; };
		40B6BF62F1B6E5B51D24CC1C /* Pods_TwinTongji_TwinTongjiUITests.framework in Frameworks */ = {isa = PBXBuildFile; fileRef = 5216FE386E2EE55233FFA34C /* Pods_TwinTongji_TwinTongjiUITests.framework */; };
		C8564F65B3957DC54815E0A7 /* Pods_TwinTongji.framework in Frameworks */ = {isa = PBXBuildFile; fileRef = 3A9F3CF2FEBED64B0316B671 /* Pods_TwinTongji.framework */; };
		E8BB31D1DEBB087A53A2EA47 /* Pods_TwinTongjiTests.framework in Frameworks */ = {isa = PBXBuildFile; fileRef = 1A05A9BC7339686139457AFF /* Pods_TwinTongjiTests.framework */; };
/* End PBXBuildFile section */

/* Begin PBXContainerItemProxy section */
		342BCE492590344E00E5222F /* PBXContainerItemProxy */ = {
			isa = PBXContainerItemProxy;
			containerPortal = 342BCE222590344C00E5222F /* Project object */;
			proxyType = 1;
			remoteGlobalIDString = 342BCE292590344C00E5222F;
			remoteInfo = TwinTongji;
		};
		342BCE542590344E00E5222F /* PBXContainerItemProxy */ = {
			isa = PBXContainerItemProxy;
			containerPortal = 342BCE222590344C00E5222F /* Project object */;
			proxyType = 1;
			remoteGlobalIDString = 342BCE292590344C00E5222F;
			remoteInfo = TwinTongji;
		};
/* End PBXContainerItemProxy section */

/* Begin PBXFileReference section */
		1A05A9BC7339686139457AFF /* Pods_TwinTongjiTests.framework */ = {isa = PBXFileReference; explicitFileType = wrapper.framework; includeInIndex = 0; path = Pods_TwinTongjiTests.framework; sourceTree = BUILT_PRODUCTS_DIR; };
		342BCE2A2590344C00E5222F /* TwinTongji.app */ = {isa = PBXFileReference; explicitFileType = wrapper.application; includeInIndex = 0; path = TwinTongji.app; sourceTree = BUILT_PRODUCTS_DIR; };
		342BCE2D2590344C00E5222F /* AppDelegate.h */ = {isa = PBXFileReference; lastKnownFileType = sourcecode.c.h; path = AppDelegate.h; sourceTree = "<group>"; };
		342BCE2E2590344C00E5222F /* AppDelegate.m */ = {isa = PBXFileReference; lastKnownFileType = sourcecode.c.objc; path = AppDelegate.m; sourceTree = "<group>"; };
		342BCE302590344C00E5222F /* SceneDelegate.h */ = {isa = PBXFileReference; lastKnownFileType = sourcecode.c.h; path = SceneDelegate.h; sourceTree = "<group>"; };
		342BCE312590344C00E5222F /* SceneDelegate.m */ = {isa = PBXFileReference; lastKnownFileType = sourcecode.c.objc; path = SceneDelegate.m; sourceTree = "<group>"; };
		342BCE332590344C00E5222F /* TabVC.h */ = {isa = PBXFileReference; lastKnownFileType = sourcecode.c.h; path = TabVC.h; sourceTree = "<group>"; };
		342BCE342590344C00E5222F /* TabVC.m */ = {isa = PBXFileReference; lastKnownFileType = sourcecode.c.objc; path = TabVC.m; sourceTree = "<group>"; };
		342BCE372590344C00E5222F /* Base */ = {isa = PBXFileReference; lastKnownFileType = file.storyboard; name = Base; path = Base.lproj/Main.storyboard; sourceTree = "<group>"; };
		342BCE3A2590344C00E5222F /* TwinTongji.xcdatamodel */ = {isa = PBXFileReference; lastKnownFileType = wrapper.xcdatamodel; path = TwinTongji.xcdatamodel; sourceTree = "<group>"; };
		342BCE3C2590344E00E5222F /* Assets.xcassets */ = {isa = PBXFileReference; lastKnownFileType = folder.assetcatalog; path = Assets.xcassets; sourceTree = "<group>"; };
		342BCE3F2590344E00E5222F /* Base */ = {isa = PBXFileReference; lastKnownFileType = file.storyboard; name = Base; path = Base.lproj/LaunchScreen.storyboard; sourceTree = "<group>"; };
		342BCE412590344E00E5222F /* Info.plist */ = {isa = PBXFileReference; lastKnownFileType = text.plist.xml; path = Info.plist; sourceTree = "<group>"; };
		342BCE422590344E00E5222F /* main.m */ = {isa = PBXFileReference; lastKnownFileType = sourcecode.c.objc; path = main.m; sourceTree = "<group>"; };
		342BCE482590344E00E5222F /* TwinTongjiTests.xctest */ = {isa = PBXFileReference; explicitFileType = wrapper.cfbundle; includeInIndex = 0; path = TwinTongjiTests.xctest; sourceTree = BUILT_PRODUCTS_DIR; };
		342BCE4C2590344E00E5222F /* TwinTongjiTests.m */ = {isa = PBXFileReference; lastKnownFileType = sourcecode.c.objc; path = TwinTongjiTests.m; sourceTree = "<group>"; };
		342BCE4E2590344E00E5222F /* Info.plist */ = {isa = PBXFileReference; lastKnownFileType = text.plist.xml; path = Info.plist; sourceTree = "<group>"; };
		342BCE532590344E00E5222F /* TwinTongjiUITests.xctest */ = {isa = PBXFileReference; explicitFileType = wrapper.cfbundle; includeInIndex = 0; path = TwinTongjiUITests.xctest; sourceTree = BUILT_PRODUCTS_DIR; };
		342BCE572590344E00E5222F /* TwinTongjiUITests.m */ = {isa = PBXFileReference; lastKnownFileType = sourcecode.c.objc; path = TwinTongjiUITests.m; sourceTree = "<group>"; };
		342BCE592590344E00E5222F /* Info.plist */ = {isa = PBXFileReference; lastKnownFileType = text.plist.xml; path = Info.plist; sourceTree = "<group>"; };
		342BCE982591F3C300E5222F /* LoginVC.m */ = {isa = PBXFileReference; lastKnownFileType = sourcecode.c.objc; path = LoginVC.m; sourceTree = "<group>"; };
		342BCE9F2591F3D300E5222F /* LoginVC.h */ = {isa = PBXFileReference; lastKnownFileType = sourcecode.c.h; path = LoginVC.h; sourceTree = "<group>"; };
		342BCEAD259317FB00E5222F /* ProfileVC.h */ = {isa = PBXFileReference; lastKnownFileType = sourcecode.c.h; path = ProfileVC.h; sourceTree = "<group>"; };
		342BCEAE2593186C00E5222F /* ProfileVC.m */ = {isa = PBXFileReference; lastKnownFileType = sourcecode.c.objc; path = ProfileVC.m; sourceTree = "<group>"; };
		342BCEB8259318A500E5222F /* RegisterVC.h */ = {isa = PBXFileReference; lastKnownFileType = sourcecode.c.h; path = RegisterVC.h; sourceTree = "<group>"; };
		342BCEB9259318B400E5222F /* RegisterVC.m */ = {isa = PBXFileReference; lastKnownFileType = sourcecode.c.objc; path = RegisterVC.m; sourceTree = "<group>"; };
		342BCEC62593192200E5222F /* UI_tools.h */ = {isa = PBXFileReference; lastKnownFileType = sourcecode.c.h; path = UI_tools.h; sourceTree = "<group>"; };
		342BCEC72593192D00E5222F /* UI_tools.m */ = {isa = PBXFileReference; lastKnownFileType = sourcecode.c.objc; path = UI_tools.m; sourceTree = "<group>"; };
		342BCEF325934DE000E5222F /* cmd_git.md */ = {isa = PBXFileReference; lastKnownFileType = net.daringfireball.markdown; path = cmd_git.md; sourceTree = "<group>"; };
		342BCF13259B3F2200E5222F /* ZJImageMagnification.h */ = {isa = PBXFileReference; lastKnownFileType = sourcecode.c.h; path = ZJImageMagnification.h; sourceTree = "<group>"; };
		342BCF14259B3F3100E5222F /* ZJImageMagnification.m */ = {isa = PBXFileReference; lastKnownFileType = sourcecode.c.objc; path = ZJImageMagnification.m; sourceTree = "<group>"; };
		342BCF1B259CAD2600E5222F /* LoginApi.m */ = {isa = PBXFileReference; lastKnownFileType = sourcecode.c.objc; path = LoginApi.m; sourceTree = "<group>"; };
		342BCF2B259D670A00E5222F /* RegisterApi.h */ = {isa = PBXFileReference; lastKnownFileType = sourcecode.c.h; path = RegisterApi.h; sourceTree = "<group>"; };
		342BCF2C259D671800E5222F /* RegisterApi.m */ = {isa = PBXFileReference; lastKnownFileType = sourcecode.c.objc; path = RegisterApi.m; sourceTree = "<group>"; };
		342BCF35259D69C900E5222F /* NSString+MD5.h */ = {isa = PBXFileReference; lastKnownFileType = sourcecode.c.h; path = "NSString+MD5.h"; sourceTree = "<group>"; };
		342BCF36259D69C900E5222F /* NSString+MD5.m */ = {isa = PBXFileReference; lastKnownFileType = sourcecode.c.objc; path = "NSString+MD5.m"; sourceTree = "<group>"; };
		342BCFA425A5D1C200E5222F /* LoginApi.h */ = {isa = PBXFileReference; lastKnownFileType = sourcecode.c.h; path = LoginApi.h; sourceTree = "<group>"; };
		342BCFB525A5D5FC00E5222F /* TwinTongji.h */ = {isa = PBXFileReference; lastKnownFileType = sourcecode.c.h; path = TwinTongji.h; sourceTree = "<group>"; };
		342BCFB625A5D60900E5222F /* TwinTongji.m */ = {isa = PBXFileReference; lastKnownFileType = sourcecode.c.objc; path = TwinTongji.m; sourceTree = "<group>"; };
		342BCFF225A6DE4200E5222F /* FirstSegVC.h */ = {isa = PBXFileReference; lastKnownFileType = sourcecode.c.h; path = FirstSegVC.h; sourceTree = "<group>"; };
		342BCFF325A6DE4E00E5222F /* FirstSegVC.m */ = {isa = PBXFileReference; lastKnownFileType = sourcecode.c.objc; path = FirstSegVC.m; sourceTree = "<group>"; };
		342BCFFB25A6F7B100E5222F /* SecondSegVC.h */ = {isa = PBXFileReference; lastKnownFileType = sourcecode.c.h; path = SecondSegVC.h; sourceTree = "<group>"; };
		342BCFFC25A6F7C300E5222F /* SecondSegVC.m */ = {isa = PBXFileReference; lastKnownFileType = sourcecode.c.objc; path = SecondSegVC.m; sourceTree = "<group>"; };
		342BD00425A6F91100E5222F /* PostVC.h */ = {isa = PBXFileReference; lastKnownFileType = sourcecode.c.h; path = PostVC.h; sourceTree = "<group>"; };
		342BD00525A6F92000E5222F /* PostVC.m */ = {isa = PBXFileReference; lastKnownFileType = sourcecode.c.objc; path = PostVC.m; sourceTree = "<group>"; };
		342BD00E25AC6FD600E5222F /* PostInfo.h */ = {isa = PBXFileReference; lastKnownFileType = sourcecode.c.h; path = PostInfo.h; sourceTree = "<group>"; };
		342BD00F25AC6FE300E5222F /* PostInfo.m */ = {isa = PBXFileReference; lastKnownFileType = sourcecode.c.objc; path = PostInfo.m; sourceTree = "<group>"; };
		342BD03025AD7D4D00E5222F /* ForumCell.xib */ = {isa = PBXFileReference; lastKnownFileType = file.xib; path = ForumCell.xib; sourceTree = "<group>"; };
		342BD03525AD7D6800E5222F /* ForumCell.h */ = {isa = PBXFileReference; lastKnownFileType = sourcecode.c.h; path = ForumCell.h; sourceTree = "<group>"; };
		342BD03625AD7D7600E5222F /* ForumCell.m */ = {isa = PBXFileReference; lastKnownFileType = sourcecode.c.objc; path = ForumCell.m; sourceTree = "<group>"; };
		342BD03E25AD7D8300E5222F /* ChatCell.h */ = {isa = PBXFileReference; lastKnownFileType = sourcecode.c.h; path = ChatCell.h; sourceTree = "<group>"; };
		342BD03F25AD7D9400E5222F /* ChatCell.m */ = {isa = PBXFileReference; lastKnownFileType = sourcecode.c.objc; path = ChatCell.m; sourceTree = "<group>"; };
		342BD04725AD7D9F00E5222F /* ChatCell.xib */ = {isa = PBXFileReference; lastKnownFileType = file.xib; path = ChatCell.xib; sourceTree = "<group>"; };
		342BD05325AD85E600E5222F /* MapAnnotation.h */ = {isa = PBXFileReference; lastKnownFileType = sourcecode.c.h; path = MapAnnotation.h; sourceTree = "<group>"; };
		342BD05425AD85F000E5222F /* MapAnnotation.m */ = {isa = PBXFileReference; lastKnownFileType = sourcecode.c.objc; path = MapAnnotation.m; sourceTree = "<group>"; };
		342BD05C25AD8A2A00E5222F /* ChatVC.h */ = {isa = PBXFileReference; lastKnownFileType = sourcecode.c.h; path = ChatVC.h; sourceTree = "<group>"; };
		342BD05D25AD8A3400E5222F /* ChatVC.m */ = {isa = PBXFileReference; lastKnownFileType = sourcecode.c.objc; path = ChatVC.m; sourceTree = "<group>"; };
		342BD06525AD8A4100E5222F /* ForumVC.h */ = {isa = PBXFileReference; lastKnownFileType = sourcecode.c.h; path = ForumVC.h; sourceTree = "<group>"; };
		342BD06625AD8A5200E5222F /* ForumVC.m */ = {isa = PBXFileReference; lastKnownFileType = sourcecode.c.objc; path = ForumVC.m; sourceTree = "<group>"; };
		342BD06E25AD902000E5222F /* ChatCellInfo.h */ = {isa = PBXFileReference; lastKnownFileType = sourcecode.c.h; path = ChatCellInfo.h; sourceTree = "<group>"; };
		342BD06F25AD902900E5222F /* ChatCellInfo.m */ = {isa = PBXFileReference; lastKnownFileType = sourcecode.c.objc; path = ChatCellInfo.m; sourceTree = "<group>"; };
		34C86CC6261C328200CAF426 /* AuthorityAnnotation.m */ = {isa = PBXFileReference; lastKnownFileType = sourcecode.c.objc; path = AuthorityAnnotation.m; sourceTree = "<group>"; };
		34C86CCB261C329400CAF426 /* AuthorityAnnotation.h */ = {isa = PBXFileReference; lastKnownFileType = sourcecode.c.h; path = AuthorityAnnotation.h; sourceTree = "<group>"; };
		34C86CCF261C464000CAF426 /* LibDetailVC.m */ = {isa = PBXFileReference; lastKnownFileType = sourcecode.c.objc; path = LibDetailVC.m; sourceTree = "<group>"; };
		34C86CD4261C465200CAF426 /* LibDetailVC.h */ = {isa = PBXFileReference; lastKnownFileType = sourcecode.c.h; path = LibDetailVC.h; sourceTree = "<group>"; };
		34C86CE1261C4B8E00CAF426 /* LibFloorCell.m */ = {isa = PBXFileReference; lastKnownFileType = sourcecode.c.objc; path = LibFloorCell.m; sourceTree = "<group>"; };
		34C86CE9261C4B9900CAF426 /* LibFloorCell.h */ = {isa = PBXFileReference; lastKnownFileType = sourcecode.c.h; path = LibFloorCell.h; sourceTree = "<group>"; };
		34C86CEA261C4BBE00CAF426 /* LibFloorCell.xib */ = {isa = PBXFileReference; lastKnownFileType = file.xib; path = LibFloorCell.xib; sourceTree = "<group>"; };
		34C86CF0261E8A5A00CAF426 /* 8.png */ = {isa = PBXFileReference; lastKnownFileType = image.png; path = 8.png; sourceTree = "<group>"; };
		34C86CF1261E8A5B00CAF426 /* 10.png */ = {isa = PBXFileReference; lastKnownFileType = image.png; path = 10.png; sourceTree = "<group>"; };
		34C86CF2261E8A5C00CAF426 /* 4.png */ = {isa = PBXFileReference; lastKnownFileType = image.png; path = 4.png; sourceTree = "<group>"; };
		34C86CF3261E8A5C00CAF426 /* 14.png */ = {isa = PBXFileReference; lastKnownFileType = image.png; path = 14.png; sourceTree = "<group>"; };
		34C86CF4261E8A5C00CAF426 /* 3.png */ = {isa = PBXFileReference; lastKnownFileType = image.png; path = 3.png; sourceTree = "<group>"; };
		34C86CF5261E8A5D00CAF426 /* 9.png */ = {isa = PBXFileReference; lastKnownFileType = image.png; path = 9.png; sourceTree = "<group>"; };
		34C86CF6261E8A5D00CAF426 /* 5.png */ = {isa = PBXFileReference; lastKnownFileType = image.png; path = 5.png; sourceTree = "<group>"; };
		34C86CF7261E8A5E00CAF426 /* 1.png */ = {isa = PBXFileReference; lastKnownFileType = image.png; path = 1.png; sourceTree = "<group>"; };
		34C86CF8261E8A5E00CAF426 /* 6.png */ = {isa = PBXFileReference; lastKnownFileType = image.png; path = 6.png; sourceTree = "<group>"; };
		34C86CF9261E8A5F00CAF426 /* 2.png */ = {isa = PBXFileReference; lastKnownFileType = image.png; path = 2.png; sourceTree = "<group>"; };
		34C86CFA261E8A5F00CAF426 /* 7.png */ = {isa = PBXFileReference; lastKnownFileType = image.png; path = 7.png; sourceTree = "<group>"; };
		34C86D0D261E8DFD00CAF426 /* FloorCellInfo.m */ = {isa = PBXFileReference; lastKnownFileType = sourcecode.c.objc; path = FloorCellInfo.m; sourceTree = "<group>"; };
		34C86D12261E8E0D00CAF426 /* FloorCellInfo.h */ = {isa = PBXFileReference; lastKnownFileType = sourcecode.c.h; path = FloorCellInfo.h; sourceTree = "<group>"; };
		34E3907825ADB1E700FCC3D9 /* ForumCellInfo.h */ = {isa = PBXFileReference; lastKnownFileType = sourcecode.c.h; path = ForumCellInfo.h; sourceTree = "<group>"; };
		34E3907925ADB1F500FCC3D9 /* ForumCellInfo.m */ = {isa = PBXFileReference; lastKnownFileType = sourcecode.c.objc; path = ForumCellInfo.m; sourceTree = "<group>"; };
		3A9F3CF2FEBED64B0316B671 /* Pods_TwinTongji.framework */ = {isa = PBXFileReference; explicitFileType = wrapper.framework; includeInIndex = 0; path = Pods_TwinTongji.framework; sourceTree = BUILT_PRODUCTS_DIR; };
		5001739C9F89FC2ADBA69BD6 /* Pods-TwinTongji.release.xcconfig */ = {isa = PBXFileReference; includeInIndex = 1; lastKnownFileType = text.xcconfig; name = "Pods-TwinTongji.release.xcconfig"; path = "Target Support Files/Pods-TwinTongji/Pods-TwinTongji.release.xcconfig"; sourceTree = "<group>"; };
		51DC34E0468BE85CD1642940 /* Pods-TwinTongji-TwinTongjiUITests.release.xcconfig */ = {isa = PBXFileReference; includeInIndex = 1; lastKnownFileType = text.xcconfig; name = "Pods-TwinTongji-TwinTongjiUITests.release.xcconfig"; path = "Target Support Files/Pods-TwinTongji-TwinTongjiUITests/Pods-TwinTongji-TwinTongjiUITests.release.xcconfig"; sourceTree = "<group>"; };
		5216FE386E2EE55233FFA34C /* Pods_TwinTongji_TwinTongjiUITests.framework */ = {isa = PBXFileReference; explicitFileType = wrapper.framework; includeInIndex = 0; path = Pods_TwinTongji_TwinTongjiUITests.framework; sourceTree = BUILT_PRODUCTS_DIR; };
		7BD1C0A2789A899C81DB0F6B /* Pods-TwinTongji-TwinTongjiUITests.debug.xcconfig */ = {isa = PBXFileReference; includeInIndex = 1; lastKnownFileType = text.xcconfig; name = "Pods-TwinTongji-TwinTongjiUITests.debug.xcconfig"; path = "Target Support Files/Pods-TwinTongji-TwinTongjiUITests/Pods-TwinTongji-TwinTongjiUITests.debug.xcconfig"; sourceTree = "<group>"; };
		B64FB54E2AD0BC107944774F /* Pods-TwinTongjiTests.release.xcconfig */ = {isa = PBXFileReference; includeInIndex = 1; lastKnownFileType = text.xcconfig; name = "Pods-TwinTongjiTests.release.xcconfig"; path = "Target Support Files/Pods-TwinTongjiTests/Pods-TwinTongjiTests.release.xcconfig"; sourceTree = "<group>"; };
		EC86178D8EA6360E05CF9953 /* Pods-TwinTongjiTests.debug.xcconfig */ = {isa = PBXFileReference; includeInIndex = 1; lastKnownFileType = text.xcconfig; name = "Pods-TwinTongjiTests.debug.xcconfig"; path = "Target Support Files/Pods-TwinTongjiTests/Pods-TwinTongjiTests.debug.xcconfig"; sourceTree = "<group>"; };
		ECB8258A536E7D6BF03FAA06 /* Pods-TwinTongji.debug.xcconfig */ = {isa = PBXFileReference; includeInIndex = 1; lastKnownFileType = text.xcconfig; name = "Pods-TwinTongji.debug.xcconfig"; path = "Target Support Files/Pods-TwinTongji/Pods-TwinTongji.debug.xcconfig"; sourceTree = "<group>"; };
/* End PBXFileReference section */

/* Begin PBXFrameworksBuildPhase section */
		342BCE272590344C00E5222F /* Frameworks */ = {
			isa = PBXFrameworksBuildPhase;
			buildActionMask = 2147483647;
			files = (
				C8564F65B3957DC54815E0A7 /* Pods_TwinTongji.framework in Frameworks */,
			);
			runOnlyForDeploymentPostprocessing = 0;
		};
		342BCE452590344E00E5222F /* Frameworks */ = {
			isa = PBXFrameworksBuildPhase;
			buildActionMask = 2147483647;
			files = (
				E8BB31D1DEBB087A53A2EA47 /* Pods_TwinTongjiTests.framework in Frameworks */,
			);
			runOnlyForDeploymentPostprocessing = 0;
		};
		342BCE502590344E00E5222F /* Frameworks */ = {
			isa = PBXFrameworksBuildPhase;
			buildActionMask = 2147483647;
			files = (
				40B6BF62F1B6E5B51D24CC1C /* Pods_TwinTongji_TwinTongjiUITests.framework in Frameworks */,
			);
			runOnlyForDeploymentPostprocessing = 0;
		};
/* End PBXFrameworksBuildPhase section */

/* Begin PBXGroup section */
		336028BC13AC87AB564200F6 /* Frameworks */ = {
			isa = PBXGroup;
			children = (
				3A9F3CF2FEBED64B0316B671 /* Pods_TwinTongji.framework */,
				5216FE386E2EE55233FFA34C /* Pods_TwinTongji_TwinTongjiUITests.framework */,
				1A05A9BC7339686139457AFF /* Pods_TwinTongjiTests.framework */,
			);
			name = Frameworks;
			sourceTree = "<group>";
		};
		342BCE212590344C00E5222F = {
			isa = PBXGroup;
			children = (
				342BCE2C2590344C00E5222F /* TwinTongji */,
				342BCE4B2590344E00E5222F /* TwinTongjiTests */,
				342BCE562590344E00E5222F /* TwinTongjiUITests */,
				342BCE2B2590344C00E5222F /* Products */,
				87FF6B897C34C1D73F6FF448 /* Pods */,
				336028BC13AC87AB564200F6 /* Frameworks */,
			);
			sourceTree = "<group>";
		};
		342BCE2B2590344C00E5222F /* Products */ = {
			isa = PBXGroup;
			children = (
				342BCE2A2590344C00E5222F /* TwinTongji.app */,
				342BCE482590344E00E5222F /* TwinTongjiTests.xctest */,
				342BCE532590344E00E5222F /* TwinTongjiUITests.xctest */,
			);
			name = Products;
			sourceTree = "<group>";
		};
		342BCE2C2590344C00E5222F /* TwinTongji */ = {
			isa = PBXGroup;
			children = (
				34C86D09261E8B2C00CAF426 /* Images */,
				342BD02D25AD7D0800E5222F /* UIDiy */,
				342BD00D25AC6FB500E5222F /* EntityClass */,
				342BCF34259D69B000E5222F /* Category */,
				342BCF19259CAC4800E5222F /* RequestBackendUtil */,
				342BCEC3259318F100E5222F /* Tools */,
				342BCEAC259317E700E5222F /* TabVC */,
				342BCE7E25918AB300E5222F /* WelcomeVC */,
				342BCE682591877F00E5222F /* VC */,
				342BCE2D2590344C00E5222F /* AppDelegate.h */,
				342BCE2E2590344C00E5222F /* AppDelegate.m */,
				342BCE302590344C00E5222F /* SceneDelegate.h */,
				342BCE312590344C00E5222F /* SceneDelegate.m */,
				342BCE362590344C00E5222F /* Main.storyboard */,
				342BCE3C2590344E00E5222F /* Assets.xcassets */,
				342BCE3E2590344E00E5222F /* LaunchScreen.storyboard */,
				342BCE412590344E00E5222F /* Info.plist */,
				342BCE422590344E00E5222F /* main.m */,
				342BCE392590344C00E5222F /* TwinTongji.xcdatamodeld */,
				342BCEF325934DE000E5222F /* cmd_git.md */,
			);
			path = TwinTongji;
			sourceTree = "<group>";
		};
		342BCE4B2590344E00E5222F /* TwinTongjiTests */ = {
			isa = PBXGroup;
			children = (
				342BCE4C2590344E00E5222F /* TwinTongjiTests.m */,
				342BCE4E2590344E00E5222F /* Info.plist */,
			);
			path = TwinTongjiTests;
			sourceTree = "<group>";
		};
		342BCE562590344E00E5222F /* TwinTongjiUITests */ = {
			isa = PBXGroup;
			children = (
				342BCE572590344E00E5222F /* TwinTongjiUITests.m */,
				342BCE592590344E00E5222F /* Info.plist */,
			);
			path = TwinTongjiUITests;
			sourceTree = "<group>";
		};
		342BCE682591877F00E5222F /* VC */ = {
			isa = PBXGroup;
			children = (
				342BCE332590344C00E5222F /* TabVC.h */,
				342BCE342590344C00E5222F /* TabVC.m */,
			);
			path = VC;
			sourceTree = "<group>";
		};
		342BCE7E25918AB300E5222F /* WelcomeVC */ = {
			isa = PBXGroup;
			children = (
				342BCE982591F3C300E5222F /* LoginVC.m */,
				342BCE9F2591F3D300E5222F /* LoginVC.h */,
				342BCEB8259318A500E5222F /* RegisterVC.h */,
				342BCEB9259318B400E5222F /* RegisterVC.m */,
			);
			path = WelcomeVC;
			sourceTree = "<group>";
		};
		342BCEAC259317E700E5222F /* TabVC */ = {
			isa = PBXGroup;
			children = (
				342BCFF125A6DE1F00E5222F /* TwinTongjiSubVC */,
				342BCEAD259317FB00E5222F /* ProfileVC.h */,
				342BCEAE2593186C00E5222F /* ProfileVC.m */,
				342BCFB525A5D5FC00E5222F /* TwinTongji.h */,
				342BCFB625A5D60900E5222F /* TwinTongji.m */,
				342BD05C25AD8A2A00E5222F /* ChatVC.h */,
				342BD05D25AD8A3400E5222F /* ChatVC.m */,
				342BD06525AD8A4100E5222F /* ForumVC.h */,
				342BD06625AD8A5200E5222F /* ForumVC.m */,
			);
			path = TabVC;
			sourceTree = "<group>";
		};
		342BCEC3259318F100E5222F /* Tools */ = {
			isa = PBXGroup;
			children = (
				342BD04F25AD85B000E5222F /* MapAnnotation */,
				342BCF12259B3F0300E5222F /* ThirdPartUI */,
				342BCEC52593190C00E5222F /* UI */,
			);
			path = Tools;
			sourceTree = "<group>";
		};
		342BCEC52593190C00E5222F /* UI */ = {
			isa = PBXGroup;
			children = (
				342BCEC62593192200E5222F /* UI_tools.h */,
				342BCEC72593192D00E5222F /* UI_tools.m */,
			);
			path = UI;
			sourceTree = "<group>";
		};
		342BCF12259B3F0300E5222F /* ThirdPartUI */ = {
			isa = PBXGroup;
			children = (
				342BCF13259B3F2200E5222F /* ZJImageMagnification.h */,
				342BCF14259B3F3100E5222F /* ZJImageMagnification.m */,
			);
			path = ThirdPartUI;
			sourceTree = "<group>";
		};
		342BCF19259CAC4800E5222F /* RequestBackendUtil */ = {
			isa = PBXGroup;
			children = (
				342BCFA425A5D1C200E5222F /* LoginApi.h */,
				342BCF1B259CAD2600E5222F /* LoginApi.m */,
				342BCF2B259D670A00E5222F /* RegisterApi.h */,
				342BCF2C259D671800E5222F /* RegisterApi.m */,
			);
			path = RequestBackendUtil;
			sourceTree = "<group>";
		};
		342BCF34259D69B000E5222F /* Category */ = {
			isa = PBXGroup;
			children = (
				342BCF35259D69C900E5222F /* NSString+MD5.h */,
				342BCF36259D69C900E5222F /* NSString+MD5.m */,
			);
			path = Category;
			sourceTree = "<group>";
		};
		342BCFF125A6DE1F00E5222F /* TwinTongjiSubVC */ = {
			isa = PBXGroup;
			children = (
				342BCFF225A6DE4200E5222F /* FirstSegVC.h */,
				342BCFF325A6DE4E00E5222F /* FirstSegVC.m */,
				342BCFFB25A6F7B100E5222F /* SecondSegVC.h */,
				342BCFFC25A6F7C300E5222F /* SecondSegVC.m */,
				342BD00425A6F91100E5222F /* PostVC.h */,
				342BD00525A6F92000E5222F /* PostVC.m */,
				34C86CCF261C464000CAF426 /* LibDetailVC.m */,
				34C86CD4261C465200CAF426 /* LibDetailVC.h */,
			);
			path = TwinTongjiSubVC;
			sourceTree = "<group>";
		};
		342BD00D25AC6FB500E5222F /* EntityClass */ = {
			isa = PBXGroup;
			children = (
				342BD00E25AC6FD600E5222F /* PostInfo.h */,
				342BD00F25AC6FE300E5222F /* PostInfo.m */,
				342BD06E25AD902000E5222F /* ChatCellInfo.h */,
				342BD06F25AD902900E5222F /* ChatCellInfo.m */,
				34E3907825ADB1E700FCC3D9 /* ForumCellInfo.h */,
				34E3907925ADB1F500FCC3D9 /* ForumCellInfo.m */,
				34C86D0D261E8DFD00CAF426 /* FloorCellInfo.m */,
				34C86D12261E8E0D00CAF426 /* FloorCellInfo.h */,
			);
			path = EntityClass;
			sourceTree = "<group>";
		};
		342BD02D25AD7D0800E5222F /* UIDiy */ = {
			isa = PBXGroup;
			children = (
				34C86CE0261C4B7800CAF426 /* LibFloorCell */,
				342BD02F25AD7D1A00E5222F /* ForumCell */,
				342BD02E25AD7D1300E5222F /* ChatCell */,
			);
			path = UIDiy;
			sourceTree = "<group>";
		};
		342BD02E25AD7D1300E5222F /* ChatCell */ = {
			isa = PBXGroup;
			children = (
				342BD04725AD7D9F00E5222F /* ChatCell.xib */,
				342BD03E25AD7D8300E5222F /* ChatCell.h */,
				342BD03F25AD7D9400E5222F /* ChatCell.m */,
			);
			path = ChatCell;
			sourceTree = "<group>";
		};
		342BD02F25AD7D1A00E5222F /* ForumCell */ = {
			isa = PBXGroup;
			children = (
				342BD03025AD7D4D00E5222F /* ForumCell.xib */,
				342BD03525AD7D6800E5222F /* ForumCell.h */,
				342BD03625AD7D7600E5222F /* ForumCell.m */,
			);
			path = ForumCell;
			sourceTree = "<group>";
		};
		342BD04F25AD85B000E5222F /* MapAnnotation */ = {
			isa = PBXGroup;
			children = (
				342BD05325AD85E600E5222F /* MapAnnotation.h */,
				342BD05425AD85F000E5222F /* MapAnnotation.m */,
				34C86CC6261C328200CAF426 /* AuthorityAnnotation.m */,
				34C86CCB261C329400CAF426 /* AuthorityAnnotation.h */,
			);
			path = MapAnnotation;
			sourceTree = "<group>";
		};
		34C86CE0261C4B7800CAF426 /* LibFloorCell */ = {
			isa = PBXGroup;
			children = (
				34C86CE1261C4B8E00CAF426 /* LibFloorCell.m */,
				34C86CE9261C4B9900CAF426 /* LibFloorCell.h */,
				34C86CEA261C4BBE00CAF426 /* LibFloorCell.xib */,
			);
			path = LibFloorCell;
			sourceTree = "<group>";
		};
		34C86CEF261E8A4100CAF426 /* FloorImages */ = {
			isa = PBXGroup;
			children = (
				34C86CF7261E8A5E00CAF426 /* 1.png */,
				34C86CF9261E8A5F00CAF426 /* 2.png */,
				34C86CF4261E8A5C00CAF426 /* 3.png */,
				34C86CF2261E8A5C00CAF426 /* 4.png */,
				34C86CF6261E8A5D00CAF426 /* 5.png */,
				34C86CF8261E8A5E00CAF426 /* 6.png */,
				34C86CFA261E8A5F00CAF426 /* 7.png */,
				34C86CF0261E8A5A00CAF426 /* 8.png */,
				34C86CF5261E8A5D00CAF426 /* 9.png */,
				34C86CF1261E8A5B00CAF426 /* 10.png */,
				34C86CF3261E8A5C00CAF426 /* 14.png */,
			);
			path = FloorImages;
			sourceTree = "<group>";
		};
		34C86D09261E8B2C00CAF426 /* Images */ = {
			isa = PBXGroup;
			children = (
				34C86CEF261E8A4100CAF426 /* FloorImages */,
			);
			path = Images;
			sourceTree = "<group>";
		};
		87FF6B897C34C1D73F6FF448 /* Pods */ = {
			isa = PBXGroup;
			children = (
				ECB8258A536E7D6BF03FAA06 /* Pods-TwinTongji.debug.xcconfig */,
				5001739C9F89FC2ADBA69BD6 /* Pods-TwinTongji.release.xcconfig */,
				7BD1C0A2789A899C81DB0F6B /* Pods-TwinTongji-TwinTongjiUITests.debug.xcconfig */,
				51DC34E0468BE85CD1642940 /* Pods-TwinTongji-TwinTongjiUITests.release.xcconfig */,
				EC86178D8EA6360E05CF9953 /* Pods-TwinTongjiTests.debug.xcconfig */,
				B64FB54E2AD0BC107944774F /* Pods-TwinTongjiTests.release.xcconfig */,
			);
			path = Pods;
			sourceTree = "<group>";
		};
/* End PBXGroup section */

/* Begin PBXNativeTarget section */
		342BCE292590344C00E5222F /* TwinTongji */ = {
			isa = PBXNativeTarget;
			buildConfigurationList = 342BCE5C2590344E00E5222F /* Build configuration list for PBXNativeTarget "TwinTongji" */;
			buildPhases = (
				3B73E076F014B30FAA201E31 /* [CP] Check Pods Manifest.lock */,
				342BCE262590344C00E5222F /* Sources */,
				342BCE272590344C00E5222F /* Frameworks */,
				342BCE282590344C00E5222F /* Resources */,
				3FDE5B8F88E2C65C36EB01AF /* [CP] Embed Pods Frameworks */,
				2C22CBE12E7F805E5FB31157 /* [CP] Copy Pods Resources */,
			);
			buildRules = (
			);
			dependencies = (
			);
			name = TwinTongji;
			productName = TwinTongji;
			productReference = 342BCE2A2590344C00E5222F /* TwinTongji.app */;
			productType = "com.apple.product-type.application";
		};
		342BCE472590344E00E5222F /* TwinTongjiTests */ = {
			isa = PBXNativeTarget;
			buildConfigurationList = 342BCE5F2590344E00E5222F /* Build configuration list for PBXNativeTarget "TwinTongjiTests" */;
			buildPhases = (
				A5274136D7A6A3FF6CAB9137 /* [CP] Check Pods Manifest.lock */,
				342BCE442590344E00E5222F /* Sources */,
				342BCE452590344E00E5222F /* Frameworks */,
				342BCE462590344E00E5222F /* Resources */,
			);
			buildRules = (
			);
			dependencies = (
				342BCE4A2590344E00E5222F /* PBXTargetDependency */,
			);
			name = TwinTongjiTests;
			productName = TwinTongjiTests;
			productReference = 342BCE482590344E00E5222F /* TwinTongjiTests.xctest */;
			productType = "com.apple.product-type.bundle.unit-test";
		};
		342BCE522590344E00E5222F /* TwinTongjiUITests */ = {
			isa = PBXNativeTarget;
			buildConfigurationList = 342BCE622590344E00E5222F /* Build configuration list for PBXNativeTarget "TwinTongjiUITests" */;
			buildPhases = (
				ABED439B0A177DFEE852F75F /* [CP] Check Pods Manifest.lock */,
				342BCE4F2590344E00E5222F /* Sources */,
				342BCE502590344E00E5222F /* Frameworks */,
				342BCE512590344E00E5222F /* Resources */,
				46FC4A6829610E60078AC17A /* [CP] Embed Pods Frameworks */,
				E13314CAC48E7315615B53D0 /* [CP] Copy Pods Resources */,
			);
			buildRules = (
			);
			dependencies = (
				342BCE552590344E00E5222F /* PBXTargetDependency */,
			);
			name = TwinTongjiUITests;
			productName = TwinTongjiUITests;
			productReference = 342BCE532590344E00E5222F /* TwinTongjiUITests.xctest */;
			productType = "com.apple.product-type.bundle.ui-testing";
		};
/* End PBXNativeTarget section */

/* Begin PBXProject section */
		342BCE222590344C00E5222F /* Project object */ = {
			isa = PBXProject;
			attributes = {
				LastUpgradeCheck = 1230;
				TargetAttributes = {
					342BCE292590344C00E5222F = {
						CreatedOnToolsVersion = 12.3;
					};
					342BCE472590344E00E5222F = {
						CreatedOnToolsVersion = 12.3;
						TestTargetID = 342BCE292590344C00E5222F;
					};
					342BCE522590344E00E5222F = {
						CreatedOnToolsVersion = 12.3;
						TestTargetID = 342BCE292590344C00E5222F;
					};
				};
			};
			buildConfigurationList = 342BCE252590344C00E5222F /* Build configuration list for PBXProject "TwinTongji" */;
			compatibilityVersion = "Xcode 9.3";
			developmentRegion = en;
			hasScannedForEncodings = 0;
			knownRegions = (
				en,
				Base,
			);
			mainGroup = 342BCE212590344C00E5222F;
			productRefGroup = 342BCE2B2590344C00E5222F /* Products */;
			projectDirPath = "";
			projectRoot = "";
			targets = (
				342BCE292590344C00E5222F /* TwinTongji */,
				342BCE472590344E00E5222F /* TwinTongjiTests */,
				342BCE522590344E00E5222F /* TwinTongjiUITests */,
			);
		};
/* End PBXProject section */

/* Begin PBXResourcesBuildPhase section */
		342BCE282590344C00E5222F /* Resources */ = {
			isa = PBXResourcesBuildPhase;
			buildActionMask = 2147483647;
			files = (
				34C86CFF261E8A5F00CAF426 /* 3.png in Resources */,
				34C86CFE261E8A5F00CAF426 /* 14.png in Resources */,
				34C86CFD261E8A5F00CAF426 /* 4.png in Resources */,
				342BCE402590344E00E5222F /* LaunchScreen.storyboard in Resources */,
				342BCE3D2590344E00E5222F /* Assets.xcassets in Resources */,
				34C86CFC261E8A5F00CAF426 /* 10.png in Resources */,
				34C86CEB261C4BBE00CAF426 /* LibFloorCell.xib in Resources */,
				34C86D05261E8A5F00CAF426 /* 7.png in Resources */,
				342BD04825AD7D9F00E5222F /* ChatCell.xib in Resources */,
				342BCE382590344C00E5222F /* Main.storyboard in Resources */,
				34C86D03261E8A5F00CAF426 /* 6.png in Resources */,
				34C86D04261E8A5F00CAF426 /* 2.png in Resources */,
				34C86D00261E8A5F00CAF426 /* 9.png in Resources */,
				342BD03125AD7D4D00E5222F /* ForumCell.xib in Resources */,
				34C86D01261E8A5F00CAF426 /* 5.png in Resources */,
				34C86CFB261E8A5F00CAF426 /* 8.png in Resources */,
				34C86D02261E8A5F00CAF426 /* 1.png in Resources */,
			);
			runOnlyForDeploymentPostprocessing = 0;
		};
		342BCE462590344E00E5222F /* Resources */ = {
			isa = PBXResourcesBuildPhase;
			buildActionMask = 2147483647;
			files = (
			);
			runOnlyForDeploymentPostprocessing = 0;
		};
		342BCE512590344E00E5222F /* Resources */ = {
			isa = PBXResourcesBuildPhase;
			buildActionMask = 2147483647;
			files = (
			);
			runOnlyForDeploymentPostprocessing = 0;
		};
/* End PBXResourcesBuildPhase section */

/* Begin PBXShellScriptBuildPhase section */
		2C22CBE12E7F805E5FB31157 /* [CP] Copy Pods Resources */ = {
			isa = PBXShellScriptBuildPhase;
			buildActionMask = 2147483647;
			files = (
			);
			inputFileListPaths = (
				"${PODS_ROOT}/Target Support Files/Pods-TwinTongji/Pods-TwinTongji-resources-${CONFIGURATION}-input-files.xcfilelist",
			);
			name = "[CP] Copy Pods Resources";
			outputFileListPaths = (
				"${PODS_ROOT}/Target Support Files/Pods-TwinTongji/Pods-TwinTongji-resources-${CONFIGURATION}-output-files.xcfilelist",
			);
			runOnlyForDeploymentPostprocessing = 0;
			shellPath = /bin/sh;
			shellScript = "\"${PODS_ROOT}/Target Support Files/Pods-TwinTongji/Pods-TwinTongji-resources.sh\"\n";
			showEnvVarsInLog = 0;
		};
		3B73E076F014B30FAA201E31 /* [CP] Check Pods Manifest.lock */ = {
			isa = PBXShellScriptBuildPhase;
			buildActionMask = 2147483647;
			files = (
			);
			inputFileListPaths = (
			);
			inputPaths = (
				"${PODS_PODFILE_DIR_PATH}/Podfile.lock",
				"${PODS_ROOT}/Manifest.lock",
			);
			name = "[CP] Check Pods Manifest.lock";
			outputFileListPaths = (
			);
			outputPaths = (
				"$(DERIVED_FILE_DIR)/Pods-TwinTongji-checkManifestLockResult.txt",
			);
			runOnlyForDeploymentPostprocessing = 0;
			shellPath = /bin/sh;
			shellScript = "diff \"${PODS_PODFILE_DIR_PATH}/Podfile.lock\" \"${PODS_ROOT}/Manifest.lock\" > /dev/null\nif [ $? != 0 ] ; then\n    # print error to STDERR\n    echo \"error: The sandbox is not in sync with the Podfile.lock. Run 'pod install' or update your CocoaPods installation.\" >&2\n    exit 1\nfi\n# This output is used by Xcode 'outputs' to avoid re-running this script phase.\necho \"SUCCESS\" > \"${SCRIPT_OUTPUT_FILE_0}\"\n";
			showEnvVarsInLog = 0;
		};
		3FDE5B8F88E2C65C36EB01AF /* [CP] Embed Pods Frameworks */ = {
			isa = PBXShellScriptBuildPhase;
			buildActionMask = 2147483647;
			files = (
			);
			inputFileListPaths = (
				"${PODS_ROOT}/Target Support Files/Pods-TwinTongji/Pods-TwinTongji-frameworks-${CONFIGURATION}-input-files.xcfilelist",
			);
			name = "[CP] Embed Pods Frameworks";
			outputFileListPaths = (
				"${PODS_ROOT}/Target Support Files/Pods-TwinTongji/Pods-TwinTongji-frameworks-${CONFIGURATION}-output-files.xcfilelist",
			);
			runOnlyForDeploymentPostprocessing = 0;
			shellPath = /bin/sh;
			shellScript = "\"${PODS_ROOT}/Target Support Files/Pods-TwinTongji/Pods-TwinTongji-frameworks.sh\"\n";
			showEnvVarsInLog = 0;
		};
		46FC4A6829610E60078AC17A /* [CP] Embed Pods Frameworks */ = {
			isa = PBXShellScriptBuildPhase;
			buildActionMask = 2147483647;
			files = (
			);
			inputFileListPaths = (
				"${PODS_ROOT}/Target Support Files/Pods-TwinTongji-TwinTongjiUITests/Pods-TwinTongji-TwinTongjiUITests-frameworks-${CONFIGURATION}-input-files.xcfilelist",
			);
			name = "[CP] Embed Pods Frameworks";
			outputFileListPaths = (
				"${PODS_ROOT}/Target Support Files/Pods-TwinTongji-TwinTongjiUITests/Pods-TwinTongji-TwinTongjiUITests-frameworks-${CONFIGURATION}-output-files.xcfilelist",
			);
			runOnlyForDeploymentPostprocessing = 0;
			shellPath = /bin/sh;
			shellScript = "\"${PODS_ROOT}/Target Support Files/Pods-TwinTongji-TwinTongjiUITests/Pods-TwinTongji-TwinTongjiUITests-frameworks.sh\"\n";
			showEnvVarsInLog = 0;
		};
		A5274136D7A6A3FF6CAB9137 /* [CP] Check Pods Manifest.lock */ = {
			isa = PBXShellScriptBuildPhase;
			buildActionMask = 2147483647;
			files = (
			);
			inputFileListPaths = (
			);
			inputPaths = (
				"${PODS_PODFILE_DIR_PATH}/Podfile.lock",
				"${PODS_ROOT}/Manifest.lock",
			);
			name = "[CP] Check Pods Manifest.lock";
			outputFileListPaths = (
			);
			outputPaths = (
				"$(DERIVED_FILE_DIR)/Pods-TwinTongjiTests-checkManifestLockResult.txt",
			);
			runOnlyForDeploymentPostprocessing = 0;
			shellPath = /bin/sh;
			shellScript = "diff \"${PODS_PODFILE_DIR_PATH}/Podfile.lock\" \"${PODS_ROOT}/Manifest.lock\" > /dev/null\nif [ $? != 0 ] ; then\n    # print error to STDERR\n    echo \"error: The sandbox is not in sync with the Podfile.lock. Run 'pod install' or update your CocoaPods installation.\" >&2\n    exit 1\nfi\n# This output is used by Xcode 'outputs' to avoid re-running this script phase.\necho \"SUCCESS\" > \"${SCRIPT_OUTPUT_FILE_0}\"\n";
			showEnvVarsInLog = 0;
		};
		ABED439B0A177DFEE852F75F /* [CP] Check Pods Manifest.lock */ = {
			isa = PBXShellScriptBuildPhase;
			buildActionMask = 2147483647;
			files = (
			);
			inputFileListPaths = (
			);
			inputPaths = (
				"${PODS_PODFILE_DIR_PATH}/Podfile.lock",
				"${PODS_ROOT}/Manifest.lock",
			);
			name = "[CP] Check Pods Manifest.lock";
			outputFileListPaths = (
			);
			outputPaths = (
				"$(DERIVED_FILE_DIR)/Pods-TwinTongji-TwinTongjiUITests-checkManifestLockResult.txt",
			);
			runOnlyForDeploymentPostprocessing = 0;
			shellPath = /bin/sh;
			shellScript = "diff \"${PODS_PODFILE_DIR_PATH}/Podfile.lock\" \"${PODS_ROOT}/Manifest.lock\" > /dev/null\nif [ $? != 0 ] ; then\n    # print error to STDERR\n    echo \"error: The sandbox is not in sync with the Podfile.lock. Run 'pod install' or update your CocoaPods installation.\" >&2\n    exit 1\nfi\n# This output is used by Xcode 'outputs' to avoid re-running this script phase.\necho \"SUCCESS\" > \"${SCRIPT_OUTPUT_FILE_0}\"\n";
			showEnvVarsInLog = 0;
		};
		E13314CAC48E7315615B53D0 /* [CP] Copy Pods Resources */ = {
			isa = PBXShellScriptBuildPhase;
			buildActionMask = 2147483647;
			files = (
			);
			inputFileListPaths = (
				"${PODS_ROOT}/Target Support Files/Pods-TwinTongji-TwinTongjiUITests/Pods-TwinTongji-TwinTongjiUITests-resources-${CONFIGURATION}-input-files.xcfilelist",
			);
			name = "[CP] Copy Pods Resources";
			outputFileListPaths = (
				"${PODS_ROOT}/Target Support Files/Pods-TwinTongji-TwinTongjiUITests/Pods-TwinTongji-TwinTongjiUITests-resources-${CONFIGURATION}-output-files.xcfilelist",
			);
			runOnlyForDeploymentPostprocessing = 0;
			shellPath = /bin/sh;
			shellScript = "\"${PODS_ROOT}/Target Support Files/Pods-TwinTongji-TwinTongjiUITests/Pods-TwinTongji-TwinTongjiUITests-resources.sh\"\n";
			showEnvVarsInLog = 0;
		};
/* End PBXShellScriptBuildPhase section */

/* Begin PBXSourcesBuildPhase section */
		342BCE262590344C00E5222F /* Sources */ = {
			isa = PBXSourcesBuildPhase;
			buildActionMask = 2147483647;
			files = (
				34C86CD0261C464000CAF426 /* LibDetailVC.m in Sources */,
				342BCEAF2593186C00E5222F /* ProfileVC.m in Sources */,
				34C86CE2261C4B8E00CAF426 /* LibFloorCell.m in Sources */,
				342BCE432590344E00E5222F /* main.m in Sources */,
				342BCE3B2590344C00E5222F /* TwinTongji.xcdatamodeld in Sources */,
				342BCF2D259D671800E5222F /* RegisterApi.m in Sources */,
				342BCE992591F3C300E5222F /* LoginVC.m in Sources */,
				342BCE352590344C00E5222F /* TabVC.m in Sources */,
				342BD00625A6F92000E5222F /* PostVC.m in Sources */,
				342BCFB725A5D60900E5222F /* TwinTongji.m in Sources */,
				342BCEBA259318B400E5222F /* RegisterVC.m in Sources */,
				342BCFF425A6DE4E00E5222F /* FirstSegVC.m in Sources */,
				34C86CC7261C328200CAF426 /* AuthorityAnnotation.m in Sources */,
				342BD03725AD7D7600E5222F /* ForumCell.m in Sources */,
				34E3907A25ADB1F500FCC3D9 /* ForumCellInfo.m in Sources */,
				342BCF37259D69C900E5222F /* NSString+MD5.m in Sources */,
				342BD01025AC6FE300E5222F /* PostInfo.m in Sources */,
				342BD07025AD902A00E5222F /* ChatCellInfo.m in Sources */,
				342BCE2F2590344C00E5222F /* AppDelegate.m in Sources */,
				342BD04025AD7D9400E5222F /* ChatCell.m in Sources */,
				342BCE322590344C00E5222F /* SceneDelegate.m in Sources */,
				342BCFFD25A6F7C300E5222F /* SecondSegVC.m in Sources */,
				342BCF1C259CAD2600E5222F /* LoginApi.m in Sources */,
				342BD06725AD8A5300E5222F /* ForumVC.m in Sources */,
				342BD05E25AD8A3400E5222F /* ChatVC.m in Sources */,
				34C86D0E261E8DFD00CAF426 /* FloorCellInfo.m in Sources */,
				342BCEE72593255B00E5222F /* UI_tools.m in Sources */,
				342BCF15259B3F3200E5222F /* ZJImageMagnification.m in Sources */,
				342BD05525AD85F000E5222F /* MapAnnotation.m in Sources */,
			);
			runOnlyForDeploymentPostprocessing = 0;
		};
		342BCE442590344E00E5222F /* Sources */ = {
			isa = PBXSourcesBuildPhase;
			buildActionMask = 2147483647;
			files = (
				342BCE9A2591F3C300E5222F /* LoginVC.m in Sources */,
				342BCEBB259318B400E5222F /* RegisterVC.m in Sources */,
				342BCEB02593186C00E5222F /* ProfileVC.m in Sources */,
				342BCE4D2590344E00E5222F /* TwinTongjiTests.m in Sources */,
			);
			runOnlyForDeploymentPostprocessing = 0;
		};
		342BCE4F2590344E00E5222F /* Sources */ = {
			isa = PBXSourcesBuildPhase;
			buildActionMask = 2147483647;
			files = (
				342BCE9B2591F3C300E5222F /* LoginVC.m in Sources */,
				342BCEBC259318B400E5222F /* RegisterVC.m in Sources */,
				342BCEB12593186C00E5222F /* ProfileVC.m in Sources */,
				342BCE582590344E00E5222F /* TwinTongjiUITests.m in Sources */,
			);
			runOnlyForDeploymentPostprocessing = 0;
		};
/* End PBXSourcesBuildPhase section */

/* Begin PBXTargetDependency section */
		342BCE4A2590344E00E5222F /* PBXTargetDependency */ = {
			isa = PBXTargetDependency;
			target = 342BCE292590344C00E5222F /* TwinTongji */;
			targetProxy = 342BCE492590344E00E5222F /* PBXContainerItemProxy */;
		};
		342BCE552590344E00E5222F /* PBXTargetDependency */ = {
			isa = PBXTargetDependency;
			target = 342BCE292590344C00E5222F /* TwinTongji */;
			targetProxy = 342BCE542590344E00E5222F /* PBXContainerItemProxy */;
		};
/* End PBXTargetDependency section */

/* Begin PBXVariantGroup section */
		342BCE362590344C00E5222F /* Main.storyboard */ = {
			isa = PBXVariantGroup;
			children = (
				342BCE372590344C00E5222F /* Base */,
			);
			name = Main.storyboard;
			sourceTree = "<group>";
		};
		342BCE3E2590344E00E5222F /* LaunchScreen.storyboard */ = {
			isa = PBXVariantGroup;
			children = (
				342BCE3F2590344E00E5222F /* Base */,
			);
			name = LaunchScreen.storyboard;
			sourceTree = "<group>";
		};
/* End PBXVariantGroup section */

/* Begin XCBuildConfiguration section */
		342BCE5A2590344E00E5222F /* Debug */ = {
			isa = XCBuildConfiguration;
			buildSettings = {
				ALWAYS_SEARCH_USER_PATHS = NO;
				CLANG_ANALYZER_NONNULL = YES;
				CLANG_ANALYZER_NUMBER_OBJECT_CONVERSION = YES_AGGRESSIVE;
				CLANG_CXX_LANGUAGE_STANDARD = "gnu++14";
				CLANG_CXX_LIBRARY = "libc++";
				CLANG_ENABLE_MODULES = YES;
				CLANG_ENABLE_OBJC_ARC = YES;
				CLANG_ENABLE_OBJC_WEAK = YES;
				CLANG_WARN_BLOCK_CAPTURE_AUTORELEASING = YES;
				CLANG_WARN_BOOL_CONVERSION = YES;
				CLANG_WARN_COMMA = YES;
				CLANG_WARN_CONSTANT_CONVERSION = YES;
				CLANG_WARN_DEPRECATED_OBJC_IMPLEMENTATIONS = YES;
				CLANG_WARN_DIRECT_OBJC_ISA_USAGE = YES_ERROR;
				CLANG_WARN_DOCUMENTATION_COMMENTS = YES;
				CLANG_WARN_EMPTY_BODY = YES;
				CLANG_WARN_ENUM_CONVERSION = YES;
				CLANG_WARN_INFINITE_RECURSION = YES;
				CLANG_WARN_INT_CONVERSION = YES;
				CLANG_WARN_NON_LITERAL_NULL_CONVERSION = YES;
				CLANG_WARN_OBJC_IMPLICIT_RETAIN_SELF = YES;
				CLANG_WARN_OBJC_LITERAL_CONVERSION = YES;
				CLANG_WARN_OBJC_ROOT_CLASS = YES_ERROR;
				CLANG_WARN_QUOTED_INCLUDE_IN_FRAMEWORK_HEADER = YES;
				CLANG_WARN_RANGE_LOOP_ANALYSIS = YES;
				CLANG_WARN_STRICT_PROTOTYPES = YES;
				CLANG_WARN_SUSPICIOUS_MOVE = YES;
				CLANG_WARN_UNGUARDED_AVAILABILITY = YES_AGGRESSIVE;
				CLANG_WARN_UNREACHABLE_CODE = YES;
				CLANG_WARN__DUPLICATE_METHOD_MATCH = YES;
				COPY_PHASE_STRIP = NO;
				DEBUG_INFORMATION_FORMAT = dwarf;
				ENABLE_STRICT_OBJC_MSGSEND = YES;
				ENABLE_TESTABILITY = YES;
				GCC_C_LANGUAGE_STANDARD = gnu11;
				GCC_DYNAMIC_NO_PIC = NO;
				GCC_NO_COMMON_BLOCKS = YES;
				GCC_OPTIMIZATION_LEVEL = 0;
				GCC_PREPROCESSOR_DEFINITIONS = (
					"DEBUG=1",
					"$(inherited)",
				);
				GCC_WARN_64_TO_32_BIT_CONVERSION = YES;
				GCC_WARN_ABOUT_RETURN_TYPE = YES_ERROR;
				GCC_WARN_UNDECLARED_SELECTOR = YES;
				GCC_WARN_UNINITIALIZED_AUTOS = YES_AGGRESSIVE;
				GCC_WARN_UNUSED_FUNCTION = YES;
				GCC_WARN_UNUSED_VARIABLE = YES;
				IPHONEOS_DEPLOYMENT_TARGET = 14.3;
				MTL_ENABLE_DEBUG_INFO = INCLUDE_SOURCE;
				MTL_FAST_MATH = YES;
				ONLY_ACTIVE_ARCH = YES;
				SDKROOT = iphoneos;
			};
			name = Debug;
		};
		342BCE5B2590344E00E5222F /* Release */ = {
			isa = XCBuildConfiguration;
			buildSettings = {
				ALWAYS_SEARCH_USER_PATHS = NO;
				CLANG_ANALYZER_NONNULL = YES;
				CLANG_ANALYZER_NUMBER_OBJECT_CONVERSION = YES_AGGRESSIVE;
				CLANG_CXX_LANGUAGE_STANDARD = "gnu++14";
				CLANG_CXX_LIBRARY = "libc++";
				CLANG_ENABLE_MODULES = YES;
				CLANG_ENABLE_OBJC_ARC = YES;
				CLANG_ENABLE_OBJC_WEAK = YES;
				CLANG_WARN_BLOCK_CAPTURE_AUTORELEASING = YES;
				CLANG_WARN_BOOL_CONVERSION = YES;
				CLANG_WARN_COMMA = YES;
				CLANG_WARN_CONSTANT_CONVERSION = YES;
				CLANG_WARN_DEPRECATED_OBJC_IMPLEMENTATIONS = YES;
				CLANG_WARN_DIRECT_OBJC_ISA_USAGE = YES_ERROR;
				CLANG_WARN_DOCUMENTATION_COMMENTS = YES;
				CLANG_WARN_EMPTY_BODY = YES;
				CLANG_WARN_ENUM_CONVERSION = YES;
				CLANG_WARN_INFINITE_RECURSION = YES;
				CLANG_WARN_INT_CONVERSION = YES;
				CLANG_WARN_NON_LITERAL_NULL_CONVERSION = YES;
				CLANG_WARN_OBJC_IMPLICIT_RETAIN_SELF = YES;
				CLANG_WARN_OBJC_LITERAL_CONVERSION = YES;
				CLANG_WARN_OBJC_ROOT_CLASS = YES_ERROR;
				CLANG_WARN_QUOTED_INCLUDE_IN_FRAMEWORK_HEADER = YES;
				CLANG_WARN_RANGE_LOOP_ANALYSIS = YES;
				CLANG_WARN_STRICT_PROTOTYPES = YES;
				CLANG_WARN_SUSPICIOUS_MOVE = YES;
				CLANG_WARN_UNGUARDED_AVAILABILITY = YES_AGGRESSIVE;
				CLANG_WARN_UNREACHABLE_CODE = YES;
				CLANG_WARN__DUPLICATE_METHOD_MATCH = YES;
				COPY_PHASE_STRIP = NO;
				DEBUG_INFORMATION_FORMAT = "dwarf-with-dsym";
				ENABLE_NS_ASSERTIONS = NO;
				ENABLE_STRICT_OBJC_MSGSEND = YES;
				GCC_C_LANGUAGE_STANDARD = gnu11;
				GCC_NO_COMMON_BLOCKS = YES;
				GCC_WARN_64_TO_32_BIT_CONVERSION = YES;
				GCC_WARN_ABOUT_RETURN_TYPE = YES_ERROR;
				GCC_WARN_UNDECLARED_SELECTOR = YES;
				GCC_WARN_UNINITIALIZED_AUTOS = YES_AGGRESSIVE;
				GCC_WARN_UNUSED_FUNCTION = YES;
				GCC_WARN_UNUSED_VARIABLE = YES;
				IPHONEOS_DEPLOYMENT_TARGET = 14.3;
				MTL_ENABLE_DEBUG_INFO = NO;
				MTL_FAST_MATH = YES;
				SDKROOT = iphoneos;
				VALIDATE_PRODUCT = YES;
			};
			name = Release;
		};
		342BCE5D2590344E00E5222F /* Debug */ = {
			isa = XCBuildConfiguration;
			baseConfigurationReference = ECB8258A536E7D6BF03FAA06 /* Pods-TwinTongji.debug.xcconfig */;
			buildSettings = {
				ASSETCATALOG_COMPILER_APPICON_NAME = AppIcon;
				ASSETCATALOG_COMPILER_GLOBAL_ACCENT_COLOR_NAME = AccentColor;
				CODE_SIGN_STYLE = Automatic;
				DEVELOPMENT_TEAM = J9BS8VTJP3;
				INFOPLIST_FILE = TwinTongji/Info.plist;
				LD_RUNPATH_SEARCH_PATHS = (
					"$(inherited)",
					"@executable_path/Frameworks",
				);
				PRODUCT_BUNDLE_IDENTIFIER = "Tongji-Univeristy.TwinTongji";
				PRODUCT_NAME = "$(TARGET_NAME)";
				TARGETED_DEVICE_FAMILY = "1,2";
			};
			name = Debug;
		};
		342BCE5E2590344E00E5222F /* Release */ = {
			isa = XCBuildConfiguration;
			baseConfigurationReference = 5001739C9F89FC2ADBA69BD6 /* Pods-TwinTongji.release.xcconfig */;
			buildSettings = {
				ASSETCATALOG_COMPILER_APPICON_NAME = AppIcon;
				ASSETCATALOG_COMPILER_GLOBAL_ACCENT_COLOR_NAME = AccentColor;
				CODE_SIGN_STYLE = Automatic;
				DEVELOPMENT_TEAM = J9BS8VTJP3;
				INFOPLIST_FILE = TwinTongji/Info.plist;
				LD_RUNPATH_SEARCH_PATHS = (
					"$(inherited)",
					"@executable_path/Frameworks",
				);
				PRODUCT_BUNDLE_IDENTIFIER = "Tongji-Univeristy.TwinTongji";
				PRODUCT_NAME = "$(TARGET_NAME)";
				TARGETED_DEVICE_FAMILY = "1,2";
			};
			name = Release;
		};
		342BCE602590344E00E5222F /* Debug */ = {
			isa = XCBuildConfiguration;
			baseConfigurationReference = EC86178D8EA6360E05CF9953 /* Pods-TwinTongjiTests.debug.xcconfig */;
			buildSettings = {
				BUNDLE_LOADER = "$(TEST_HOST)";
				CODE_SIGN_STYLE = Automatic;
				INFOPLIST_FILE = TwinTongjiTests/Info.plist;
				IPHONEOS_DEPLOYMENT_TARGET = 14.3;
				LD_RUNPATH_SEARCH_PATHS = (
					"$(inherited)",
					"@executable_path/Frameworks",
					"@loader_path/Frameworks",
				);
				PRODUCT_BUNDLE_IDENTIFIER = "Tongji-Univeristy.TwinTongjiTests";
				PRODUCT_NAME = "$(TARGET_NAME)";
				TARGETED_DEVICE_FAMILY = "1,2";
				TEST_HOST = "$(BUILT_PRODUCTS_DIR)/TwinTongji.app/TwinTongji";
			};
			name = Debug;
		};
		342BCE612590344E00E5222F /* Release */ = {
			isa = XCBuildConfiguration;
			baseConfigurationReference = B64FB54E2AD0BC107944774F /* Pods-TwinTongjiTests.release.xcconfig */;
			buildSettings = {
				BUNDLE_LOADER = "$(TEST_HOST)";
				CODE_SIGN_STYLE = Automatic;
				INFOPLIST_FILE = TwinTongjiTests/Info.plist;
				IPHONEOS_DEPLOYMENT_TARGET = 14.3;
				LD_RUNPATH_SEARCH_PATHS = (
					"$(inherited)",
					"@executable_path/Frameworks",
					"@loader_path/Frameworks",
				);
				PRODUCT_BUNDLE_IDENTIFIER = "Tongji-Univeristy.TwinTongjiTests";
				PRODUCT_NAME = "$(TARGET_NAME)";
				TARGETED_DEVICE_FAMILY = "1,2";
				TEST_HOST = "$(BUILT_PRODUCTS_DIR)/TwinTongji.app/TwinTongji";
			};
			name = Release;
		};
		342BCE632590344E00E5222F /* Debug */ = {
			isa = XCBuildConfiguration;
			baseConfigurationReference = 7BD1C0A2789A899C81DB0F6B /* Pods-TwinTongji-TwinTongjiUITests.debug.xcconfig */;
			buildSettings = {
				CODE_SIGN_STYLE = Automatic;
				INFOPLIST_FILE = TwinTongjiUITests/Info.plist;
				LD_RUNPATH_SEARCH_PATHS = (
					"$(inherited)",
					"@executable_path/Frameworks",
					"@loader_path/Frameworks",
				);
				PRODUCT_BUNDLE_IDENTIFIER = "Tongji-Univeristy.TwinTongjiUITests";
				PRODUCT_NAME = "$(TARGET_NAME)";
				TARGETED_DEVICE_FAMILY = "1,2";
				TEST_TARGET_NAME = TwinTongji;
			};
			name = Debug;
		};
		342BCE642590344E00E5222F /* Release */ = {
			isa = XCBuildConfiguration;
			baseConfigurationReference = 51DC34E0468BE85CD1642940 /* Pods-TwinTongji-TwinTongjiUITests.release.xcconfig */;
			buildSettings = {
				CODE_SIGN_STYLE = Automatic;
				INFOPLIST_FILE = TwinTongjiUITests/Info.plist;
				LD_RUNPATH_SEARCH_PATHS = (
					"$(inherited)",
					"@executable_path/Frameworks",
					"@loader_path/Frameworks",
				);
				PRODUCT_BUNDLE_IDENTIFIER = "Tongji-Univeristy.TwinTongjiUITests";
				PRODUCT_NAME = "$(TARGET_NAME)";
				TARGETED_DEVICE_FAMILY = "1,2";
				TEST_TARGET_NAME = TwinTongji;
			};
			name = Release;
		};
/* End XCBuildConfiguration section */

/* Begin XCConfigurationList section */
		342BCE252590344C00E5222F /* Build configuration list for PBXProject "TwinTongji" */ = {
			isa = XCConfigurationList;
			buildConfigurations = (
				342BCE5A2590344E00E5222F /* Debug */,
				342BCE5B2590344E00E5222F /* Release */,
			);
			defaultConfigurationIsVisible = 0;
			defaultConfigurationName = Release;
		};
		342BCE5C2590344E00E5222F /* Build configuration list for PBXNativeTarget "TwinTongji" */ = {
			isa = XCConfigurationList;
			buildConfigurations = (
				342BCE5D2590344E00E5222F /* Debug */,
				342BCE5E2590344E00E5222F /* Release */,
			);
			defaultConfigurationIsVisible = 0;
			defaultConfigurationName = Release;
		};
		342BCE5F2590344E00E5222F /* Build configuration list for PBXNativeTarget "TwinTongjiTests" */ = {
			isa = XCConfigurationList;
			buildConfigurations = (
				342BCE602590344E00E5222F /* Debug */,
				342BCE612590344E00E5222F /* Release */,
			);
			defaultConfigurationIsVisible = 0;
			defaultConfigurationName = Release;
		};
		342BCE622590344E00E5222F /* Build configuration list for PBXNativeTarget "TwinTongjiUITests" */ = {
			isa = XCConfigurationList;
			buildConfigurations = (
				342BCE632590344E00E5222F /* Debug */,
				342BCE642590344E00E5222F /* Release */,
			);
			defaultConfigurationIsVisible = 0;
			defaultConfigurationName = Release;
		};
/* End XCConfigurationList section */

/* Begin XCVersionGroup section */
		342BCE392590344C00E5222F /* TwinTongji.xcdatamodeld */ = {
			isa = XCVersionGroup;
			children = (
				342BCE3A2590344C00E5222F /* TwinTongji.xcdatamodel */,
			);
			currentVersion = 342BCE3A2590344C00E5222F /* TwinTongji.xcdatamodel */;
			path = TwinTongji.xcdatamodeld;
			sourceTree = "<group>";
			versionGroupType = wrapper.xcdatamodel;
		};
/* End XCVersionGroup section */
	};
	rootObject = 342BCE222590344C00E5222F /* Project object */;
}
