// !$*UTF8*$!
{
	archiveVersion = 1;
	classes = {
	};
	objectVersion = 50;
	objects = {

/* Begin PBXBuildFile section */
		342BCE2F2590344C00E5222F /* AppDelegate.m in Sources */ = {isa = PBXBuildFile; fileRef = 342BCE2E2590344C00E5222F /* AppDelegate.m */; };
		342BCE322590344C00E5222F /* SceneDelegate.m in Sources */ = {isa = PBXBuildFile; fileRef = 342BCE312590344C00E5222F /* SceneDelegate.m */; };
		342BCE352590344C00E5222F /* TabVC.m in Sources */ = {isa = PBXBuildFile; fileRef = 342BCE342590344C00E5222F /* TabVC.m */; };
		342BCE382590344C00E5222F /* Main.storyboard in Resources */ = {isa = PBXBuildFile; fileRef = 342BCE362590344C00E5222F /* Main.storyboard */; };
		342BCE3B2590344C00E5222F /* TwinTongji.xcdatamodeld in Sources */ = {isa = PBXBuildFile; fileRef = 342BCE392590344C00E5222F /* TwinTongji.xcdatamodeld */; };
		342BCE3D2590344E00E5222F /* Assets.xcassets in Resources */ = {isa = PBXBuildFile; fileRef = 342BCE3C2590344E00E5222F /* Assets.xcassets */; };
		342BCE402590344E00E5222F /* LaunchScreen.storyboard in Resources */ = {isa = PBXBuildFile; fileRef = 342BCE3E2590344E00E5222F /* LaunchScreen.storyboard */; };
		342BCE432590344E00E5222F /* main.m in Sources */ = {isa = PBXBuildFile; fileRef = 342BCE422590344E00E5222F /* main.m */; };
		342BCE4D2590344E00E5222F /* TwinTongjiTests.m in Sources */ = {isa = PBXBuildFile; fileRef = 342BCE4C2590344E00E5222F /* TwinTongjiTests.m */; };
		342BCE582590344E00E5222F /* TwinTongjiUITests.m in Sources */ = {isa = PBXBuildFile; fileRef = 342BCE572590344E00E5222F /* TwinTongjiUITests.m */; };
		342BCE992591F3C300E5222F /* LoginVC.m in Sources */ = {isa = PBXBuildFile; fileRef = 342BCE982591F3C300E5222F /* LoginVC.m */; };
		342BCE9A2591F3C300E5222F /* LoginVC.m in Sources */ = {isa = PBXBuildFile; fileRef = 342BCE982591F3C300E5222F /* LoginVC.m */; };
		342BCE9B2591F3C300E5222F /* LoginVC.m in Sources */ = {isa = PBXBuildFile; fileRef = 342BCE982591F3C300E5222F /* LoginVC.m */; };
		342BCEAF2593186C00E5222F /* ProfileVC.m in Sources */ = {isa = PBXBuildFile; fileRef = 342BCEAE2593186C00E5222F /* ProfileVC.m */; };
		342BCEB02593186C00E5222F /* ProfileVC.m in Sources */ = {isa = PBXBuildFile; fileRef = 342BCEAE2593186C00E5222F /* ProfileVC.m */; };
		342BCEB12593186C00E5222F /* ProfileVC.m in Sources */ = {isa = PBXBuildFile; fileRef = 342BCEAE2593186C00E5222F /* ProfileVC.m */; };
		342BCEBA259318B400E5222F /* RegisterVC.m in Sources */ = {isa = PBXBuildFile; fileRef = 342BCEB9259318B400E5222F /* RegisterVC.m */; };
		342BCEBB259318B400E5222F /* RegisterVC.m in Sources */ = {isa = PBXBuildFile; fileRef = 342BCEB9259318B400E5222F /* RegisterVC.m */; };
		342BCEBC259318B400E5222F /* RegisterVC.m in Sources */ = {isa = PBXBuildFile; fileRef = 342BCEB9259318B400E5222F /* RegisterVC.m */; };
		342BCEE72593255B00E5222F /* UI_tools.m in Sources */ = {isa = PBXBuildFile; fileRef = 342BCEC72593192D00E5222F /* UI_tools.m */; };
/* End PBXBuildFile section */

/* Begin PBXContainerItemProxy section */
		342BCE492590344E00E5222F /* PBXContainerItemProxy */ = {
			isa = PBXContainerItemProxy;
			containerPortal = 342BCE222590344C00E5222F /* Project object */;
			proxyType = 1;
			remoteGlobalIDString = 342BCE292590344C00E5222F;
			remoteInfo = TwinTongji;
		};
		342BCE542590344E00E5222F /* PBXContainerItemProxy */ = {
			isa = PBXContainerItemProxy;
			containerPortal = 342BCE222590344C00E5222F /* Project object */;
			proxyType = 1;
			remoteGlobalIDString = 342BCE292590344C00E5222F;
			remoteInfo = TwinTongji;
		};
/* End PBXContainerItemProxy section */

/* Begin PBXFileReference section */
		342BCE2A2590344C00E5222F /* TwinTongji.app */ = {isa = PBXFileReference; explicitFileType = wrapper.application; includeInIndex = 0; path = TwinTongji.app; sourceTree = BUILT_PRODUCTS_DIR; };
		342BCE2D2590344C00E5222F /* AppDelegate.h */ = {isa = PBXFileReference; lastKnownFileType = sourcecode.c.h; path = AppDelegate.h; sourceTree = "<group>"; };
		342BCE2E2590344C00E5222F /* AppDelegate.m */ = {isa = PBXFileReference; lastKnownFileType = sourcecode.c.objc; path = AppDelegate.m; sourceTree = "<group>"; };
		342BCE302590344C00E5222F /* SceneDelegate.h */ = {isa = PBXFileReference; lastKnownFileType = sourcecode.c.h; path = SceneDelegate.h; sourceTree = "<group>"; };
		342BCE312590344C00E5222F /* SceneDelegate.m */ = {isa = PBXFileReference; lastKnownFileType = sourcecode.c.objc; path = SceneDelegate.m; sourceTree = "<group>"; };
		342BCE332590344C00E5222F /* TabVC.h */ = {isa = PBXFileReference; lastKnownFileType = sourcecode.c.h; path = TabVC.h; sourceTree = "<group>"; };
		342BCE342590344C00E5222F /* TabVC.m */ = {isa = PBXFileReference; lastKnownFileType = sourcecode.c.objc; path = TabVC.m; sourceTree = "<group>"; };
		342BCE372590344C00E5222F /* Base */ = {isa = PBXFileReference; lastKnownFileType = file.storyboard; name = Base; path = Base.lproj/Main.storyboard; sourceTree = "<group>"; };
		342BCE3A2590344C00E5222F /* TwinTongji.xcdatamodel */ = {isa = PBXFileReference; lastKnownFileType = wrapper.xcdatamodel; path = TwinTongji.xcdatamodel; sourceTree = "<group>"; };
		342BCE3C2590344E00E5222F /* Assets.xcassets */ = {isa = PBXFileReference; lastKnownFileType = folder.assetcatalog; path = Assets.xcassets; sourceTree = "<group>"; };
		342BCE3F2590344E00E5222F /* Base */ = {isa = PBXFileReference; lastKnownFileType = file.storyboard; name = Base; path = Base.lproj/LaunchScreen.storyboard; sourceTree = "<group>"; };
		342BCE412590344E00E5222F /* Info.plist */ = {isa = PBXFileReference; lastKnownFileType = text.plist.xml; path = Info.plist; sourceTree = "<group>"; };
		342BCE422590344E00E5222F /* main.m */ = {isa = PBXFileReference; lastKnownFileType = sourcecode.c.objc; path = main.m; sourceTree = "<group>"; };
		342BCE482590344E00E5222F /* TwinTongjiTests.xctest */ = {isa = PBXFileReference; explicitFileType = wrapper.cfbundle; includeInIndex = 0; path = TwinTongjiTests.xctest; sourceTree = BUILT_PRODUCTS_DIR; };
		342BCE4C2590344E00E5222F /* TwinTongjiTests.m */ = {isa = PBXFileReference; lastKnownFileType = sourcecode.c.objc; path = TwinTongjiTests.m; sourceTree = "<group>"; };
		342BCE4E2590344E00E5222F /* Info.plist */ = {isa = PBXFileReference; lastKnownFileType = text.plist.xml; path = Info.plist; sourceTree = "<group>"; };
		342BCE532590344E00E5222F /* TwinTongjiUITests.xctest */ = {isa = PBXFileReference; explicitFileType = wrapper.cfbundle; includeInIndex = 0; path = TwinTongjiUITests.xctest; sourceTree = BUILT_PRODUCTS_DIR; };
		342BCE572590344E00E5222F /* TwinTongjiUITests.m */ = {isa = PBXFileReference; lastKnownFileType = sourcecode.c.objc; path = TwinTongjiUITests.m; sourceTree = "<group>"; };
		342BCE592590344E00E5222F /* Info.plist */ = {isa = PBXFileReference; lastKnownFileType = text.plist.xml; path = Info.plist; sourceTree = "<group>"; };
		342BCE982591F3C300E5222F /* LoginVC.m */ = {isa = PBXFileReference; lastKnownFileType = sourcecode.c.objc; path = LoginVC.m; sourceTree = "<group>"; };
		342BCE9F2591F3D300E5222F /* LoginVC.h */ = {isa = PBXFileReference; lastKnownFileType = sourcecode.c.h; path = LoginVC.h; sourceTree = "<group>"; };
		342BCEAD259317FB00E5222F /* ProfileVC.h */ = {isa = PBXFileReference; lastKnownFileType = sourcecode.c.h; path = ProfileVC.h; sourceTree = "<group>"; };
		342BCEAE2593186C00E5222F /* ProfileVC.m */ = {isa = PBXFileReference; lastKnownFileType = sourcecode.c.objc; path = ProfileVC.m; sourceTree = "<group>"; };
		342BCEB8259318A500E5222F /* RegisterVC.h */ = {isa = PBXFileReference; lastKnownFileType = sourcecode.c.h; path = RegisterVC.h; sourceTree = "<group>"; };
		342BCEB9259318B400E5222F /* RegisterVC.m */ = {isa = PBXFileReference; lastKnownFileType = sourcecode.c.objc; path = RegisterVC.m; sourceTree = "<group>"; };
		342BCEC62593192200E5222F /* UI_tools.h */ = {isa = PBXFileReference; lastKnownFileType = sourcecode.c.h; path = UI_tools.h; sourceTree = "<group>"; };
		342BCEC72593192D00E5222F /* UI_tools.m */ = {isa = PBXFileReference; lastKnownFileType = sourcecode.c.objc; path = UI_tools.m; sourceTree = "<group>"; };
/* End PBXFileReference section */

/* Begin PBXFrameworksBuildPhase section */
		342BCE272590344C00E5222F /* Frameworks */ = {
			isa = PBXFrameworksBuildPhase;
			buildActionMask = 2147483647;
			files = (
			);
			runOnlyForDeploymentPostprocessing = 0;
		};
		342BCE452590344E00E5222F /* Frameworks */ = {
			isa = PBXFrameworksBuildPhase;
			buildActionMask = 2147483647;
			files = (
			);
			runOnlyForDeploymentPostprocessing = 0;
		};
		342BCE502590344E00E5222F /* Frameworks */ = {
			isa = PBXFrameworksBuildPhase;
			buildActionMask = 2147483647;
			files = (
			);
			runOnlyForDeploymentPostprocessing = 0;
		};
/* End PBXFrameworksBuildPhase section */

/* Begin PBXGroup section */
		342BCE212590344C00E5222F = {
			isa = PBXGroup;
			children = (
				342BCE2C2590344C00E5222F /* TwinTongji */,
				342BCE4B2590344E00E5222F /* TwinTongjiTests */,
				342BCE562590344E00E5222F /* TwinTongjiUITests */,
				342BCE2B2590344C00E5222F /* Products */,
			);
			sourceTree = "<group>";
		};
		342BCE2B2590344C00E5222F /* Products */ = {
			isa = PBXGroup;
			children = (
				342BCE2A2590344C00E5222F /* TwinTongji.app */,
				342BCE482590344E00E5222F /* TwinTongjiTests.xctest */,
				342BCE532590344E00E5222F /* TwinTongjiUITests.xctest */,
			);
			name = Products;
			sourceTree = "<group>";
		};
		342BCE2C2590344C00E5222F /* TwinTongji */ = {
			isa = PBXGroup;
			children = (
				342BCEC3259318F100E5222F /* Tools */,
				342BCEAC259317E700E5222F /* TabVC */,
				342BCE7E25918AB300E5222F /* WelcomeVC */,
				342BCE682591877F00E5222F /* VC */,
				342BCE2D2590344C00E5222F /* AppDelegate.h */,
				342BCE2E2590344C00E5222F /* AppDelegate.m */,
				342BCE302590344C00E5222F /* SceneDelegate.h */,
				342BCE312590344C00E5222F /* SceneDelegate.m */,
				342BCE362590344C00E5222F /* Main.storyboard */,
				342BCE3C2590344E00E5222F /* Assets.xcassets */,
				342BCE3E2590344E00E5222F /* LaunchScreen.storyboard */,
				342BCE412590344E00E5222F /* Info.plist */,
				342BCE422590344E00E5222F /* main.m */,
				342BCE392590344C00E5222F /* TwinTongji.xcdatamodeld */,
			);
			path = TwinTongji;
			sourceTree = "<group>";
		};
		342BCE4B2590344E00E5222F /* TwinTongjiTests */ = {
			isa = PBXGroup;
			children = (
				342BCE4C2590344E00E5222F /* TwinTongjiTests.m */,
				342BCE4E2590344E00E5222F /* Info.plist */,
			);
			path = TwinTongjiTests;
			sourceTree = "<group>";
		};
		342BCE562590344E00E5222F /* TwinTongjiUITests */ = {
			isa = PBXGroup;
			children = (
				342BCE572590344E00E5222F /* TwinTongjiUITests.m */,
				342BCE592590344E00E5222F /* Info.plist */,
			);
			path = TwinTongjiUITests;
			sourceTree = "<group>";
		};
		342BCE682591877F00E5222F /* VC */ = {
			isa = PBXGroup;
			children = (
				342BCE332590344C00E5222F /* TabVC.h */,
				342BCE342590344C00E5222F /* TabVC.m */,
			);
			path = VC;
			sourceTree = "<group>";
		};
		342BCE7E25918AB300E5222F /* WelcomeVC */ = {
			isa = PBXGroup;
			children = (
				342BCE982591F3C300E5222F /* LoginVC.m */,
				342BCE9F2591F3D300E5222F /* LoginVC.h */,
				342BCEB8259318A500E5222F /* RegisterVC.h */,
				342BCEB9259318B400E5222F /* RegisterVC.m */,
			);
			path = WelcomeVC;
			sourceTree = "<group>";
		};
		342BCEAC259317E700E5222F /* TabVC */ = {
			isa = PBXGroup;
			children = (
				342BCEAD259317FB00E5222F /* ProfileVC.h */,
				342BCEAE2593186C00E5222F /* ProfileVC.m */,
			);
			path = TabVC;
			sourceTree = "<group>";
		};
		342BCEC3259318F100E5222F /* Tools */ = {
			isa = PBXGroup;
			children = (
				342BCEC52593190C00E5222F /* UI */,
			);
			path = Tools;
			sourceTree = "<group>";
		};
		342BCEC52593190C00E5222F /* UI */ = {
			isa = PBXGroup;
			children = (
				342BCEC62593192200E5222F /* UI_tools.h */,
				342BCEC72593192D00E5222F /* UI_tools.m */,
			);
			path = UI;
			sourceTree = "<group>";
		};
/* End PBXGroup section */

/* Begin PBXNativeTarget section */
		342BCE292590344C00E5222F /* TwinTongji */ = {
			isa = PBXNativeTarget;
			buildConfigurationList = 342BCE5C2590344E00E5222F /* Build configuration list for PBXNativeTarget "TwinTongji" */;
			buildPhases = (
				342BCE262590344C00E5222F /* Sources */,
				342BCE272590344C00E5222F /* Frameworks */,
				342BCE282590344C00E5222F /* Resources */,
			);
			buildRules = (
			);
			dependencies = (
			);
			name = TwinTongji;
			productName = TwinTongji;
			productReference = 342BCE2A2590344C00E5222F /* TwinTongji.app */;
			productType = "com.apple.product-type.application";
		};
		342BCE472590344E00E5222F /* TwinTongjiTests */ = {
			isa = PBXNativeTarget;
			buildConfigurationList = 342BCE5F2590344E00E5222F /* Build configuration list for PBXNativeTarget "TwinTongjiTests" */;
			buildPhases = (
				342BCE442590344E00E5222F /* Sources */,
				342BCE452590344E00E5222F /* Frameworks */,
				342BCE462590344E00E5222F /* Resources */,
			);
			buildRules = (
			);
			dependencies = (
				342BCE4A2590344E00E5222F /* PBXTargetDependency */,
			);
			name = TwinTongjiTests;
			productName = TwinTongjiTests;
			productReference = 342BCE482590344E00E5222F /* TwinTongjiTests.xctest */;
			productType = "com.apple.product-type.bundle.unit-test";
		};
		342BCE522590344E00E5222F /* TwinTongjiUITests */ = {
			isa = PBXNativeTarget;
			buildConfigurationList = 342BCE622590344E00E5222F /* Build configuration list for PBXNativeTarget "TwinTongjiUITests" */;
			buildPhases = (
				342BCE4F2590344E00E5222F /* Sources */,
				342BCE502590344E00E5222F /* Frameworks */,
				342BCE512590344E00E5222F /* Resources */,
			);
			buildRules = (
			);
			dependencies = (
				342BCE552590344E00E5222F /* PBXTargetDependency */,
			);
			name = TwinTongjiUITests;
			productName = TwinTongjiUITests;
			productReference = 342BCE532590344E00E5222F /* TwinTongjiUITests.xctest */;
			productType = "com.apple.product-type.bundle.ui-testing";
		};
/* End PBXNativeTarget section */

/* Begin PBXProject section */
		342BCE222590344C00E5222F /* Project object */ = {
			isa = PBXProject;
			attributes = {
				LastUpgradeCheck = 1230;
				TargetAttributes = {
					342BCE292590344C00E5222F = {
						CreatedOnToolsVersion = 12.3;
					};
					342BCE472590344E00E5222F = {
						CreatedOnToolsVersion = 12.3;
						TestTargetID = 342BCE292590344C00E5222F;
					};
					342BCE522590344E00E5222F = {
						CreatedOnToolsVersion = 12.3;
						TestTargetID = 342BCE292590344C00E5222F;
					};
				};
			};
			buildConfigurationList = 342BCE252590344C00E5222F /* Build configuration list for PBXProject "TwinTongji" */;
			compatibilityVersion = "Xcode 9.3";
			developmentRegion = en;
			hasScannedForEncodings = 0;
			knownRegions = (
				en,
				Base,
			);
			mainGroup = 342BCE212590344C00E5222F;
			productRefGroup = 342BCE2B2590344C00E5222F /* Products */;
			projectDirPath = "";
			projectRoot = "";
			targets = (
				342BCE292590344C00E5222F /* TwinTongji */,
				342BCE472590344E00E5222F /* TwinTongjiTests */,
				342BCE522590344E00E5222F /* TwinTongjiUITests */,
			);
		};
/* End PBXProject section */

/* Begin PBXResourcesBuildPhase section */
		342BCE282590344C00E5222F /* Resources */ = {
			isa = PBXResourcesBuildPhase;
			buildActionMask = 2147483647;
			files = (
				342BCE402590344E00E5222F /* LaunchScreen.storyboard in Resources */,
				342BCE3D2590344E00E5222F /* Assets.xcassets in Resources */,
				342BCE382590344C00E5222F /* Main.storyboard in Resources */,
			);
			runOnlyForDeploymentPostprocessing = 0;
		};
		342BCE462590344E00E5222F /* Resources */ = {
			isa = PBXResourcesBuildPhase;
			buildActionMask = 2147483647;
			files = (
			);
			runOnlyForDeploymentPostprocessing = 0;
		};
		342BCE512590344E00E5222F /* Resources */ = {
			isa = PBXResourcesBuildPhase;
			buildActionMask = 2147483647;
			files = (
			);
			runOnlyForDeploymentPostprocessing = 0;
		};
/* End PBXResourcesBuildPhase section */

/* Begin PBXSourcesBuildPhase section */
		342BCE262590344C00E5222F /* Sources */ = {
			isa = PBXSourcesBuildPhase;
			buildActionMask = 2147483647;
			files = (
				342BCEAF2593186C00E5222F /* ProfileVC.m in Sources */,
				342BCE432590344E00E5222F /* main.m in Sources */,
				342BCE3B2590344C00E5222F /* TwinTongji.xcdatamodeld in Sources */,
				342BCE992591F3C300E5222F /* LoginVC.m in Sources */,
				342BCE352590344C00E5222F /* TabVC.m in Sources */,
				342BCEBA259318B400E5222F /* RegisterVC.m in Sources */,
				342BCE2F2590344C00E5222F /* AppDelegate.m in Sources */,
				342BCE322590344C00E5222F /* SceneDelegate.m in Sources */,
				342BCEE72593255B00E5222F /* UI_tools.m in Sources */,
			);
			runOnlyForDeploymentPostprocessing = 0;
		};
		342BCE442590344E00E5222F /* Sources */ = {
			isa = PBXSourcesBuildPhase;
			buildActionMask = 2147483647;
			files = (
				342BCE9A2591F3C300E5222F /* LoginVC.m in Sources */,
				342BCEBB259318B400E5222F /* RegisterVC.m in Sources */,
				342BCEB02593186C00E5222F /* ProfileVC.m in Sources */,
				342BCE4D2590344E00E5222F /* TwinTongjiTests.m in Sources */,
			);
			runOnlyForDeploymentPostprocessing = 0;
		};
		342BCE4F2590344E00E5222F /* Sources */ = {
			isa = PBXSourcesBuildPhase;
			buildActionMask = 2147483647;
			files = (
				342BCE9B2591F3C300E5222F /* LoginVC.m in Sources */,
				342BCEBC259318B400E5222F /* RegisterVC.m in Sources */,
				342BCEB12593186C00E5222F /* ProfileVC.m in Sources */,
				342BCE582590344E00E5222F /* TwinTongjiUITests.m in Sources */,
			);
			runOnlyForDeploymentPostprocessing = 0;
		};
/* End PBXSourcesBuildPhase section */

/* Begin PBXTargetDependency section */
		342BCE4A2590344E00E5222F /* PBXTargetDependency */ = {
			isa = PBXTargetDependency;
			target = 342BCE292590344C00E5222F /* TwinTongji */;
			targetProxy = 342BCE492590344E00E5222F /* PBXContainerItemProxy */;
		};
		342BCE552590344E00E5222F /* PBXTargetDependency */ = {
			isa = PBXTargetDependency;
			target = 342BCE292590344C00E5222F /* TwinTongji */;
			targetProxy = 342BCE542590344E00E5222F /* PBXContainerItemProxy */;
		};
/* End PBXTargetDependency section */

/* Begin PBXVariantGroup section */
		342BCE362590344C00E5222F /* Main.storyboard */ = {
			isa = PBXVariantGroup;
			children = (
				342BCE372590344C00E5222F /* Base */,
			);
			name = Main.storyboard;
			sourceTree = "<group>";
		};
		342BCE3E2590344E00E5222F /* LaunchScreen.storyboard */ = {
			isa = PBXVariantGroup;
			children = (
				342BCE3F2590344E00E5222F /* Base */,
			);
			name = LaunchScreen.storyboard;
			sourceTree = "<group>";
		};
/* End PBXVariantGroup section */

/* Begin XCBuildConfiguration section */
		342BCE5A2590344E00E5222F /* Debug */ = {
			isa = XCBuildConfiguration;
			buildSettings = {
				ALWAYS_SEARCH_USER_PATHS = NO;
				CLANG_ANALYZER_NONNULL = YES;
				CLANG_ANALYZER_NUMBER_OBJECT_CONVERSION = YES_AGGRESSIVE;
				CLANG_CXX_LANGUAGE_STANDARD = "gnu++14";
				CLANG_CXX_LIBRARY = "libc++";
				CLANG_ENABLE_MODULES = YES;
				CLANG_ENABLE_OBJC_ARC = YES;
				CLANG_ENABLE_OBJC_WEAK = YES;
				CLANG_WARN_BLOCK_CAPTURE_AUTORELEASING = YES;
				CLANG_WARN_BOOL_CONVERSION = YES;
				CLANG_WARN_COMMA = YES;
				CLANG_WARN_CONSTANT_CONVERSION = YES;
				CLANG_WARN_DEPRECATED_OBJC_IMPLEMENTATIONS = YES;
				CLANG_WARN_DIRECT_OBJC_ISA_USAGE = YES_ERROR;
				CLANG_WARN_DOCUMENTATION_COMMENTS = YES;
				CLANG_WARN_EMPTY_BODY = YES;
				CLANG_WARN_ENUM_CONVERSION = YES;
				CLANG_WARN_INFINITE_RECURSION = YES;
				CLANG_WARN_INT_CONVERSION = YES;
				CLANG_WARN_NON_LITERAL_NULL_CONVERSION = YES;
				CLANG_WARN_OBJC_IMPLICIT_RETAIN_SELF = YES;
				CLANG_WARN_OBJC_LITERAL_CONVERSION = YES;
				CLANG_WARN_OBJC_ROOT_CLASS = YES_ERROR;
				CLANG_WARN_QUOTED_INCLUDE_IN_FRAMEWORK_HEADER = YES;
				CLANG_WARN_RANGE_LOOP_ANALYSIS = YES;
				CLANG_WARN_STRICT_PROTOTYPES = YES;
				CLANG_WARN_SUSPICIOUS_MOVE = YES;
				CLANG_WARN_UNGUARDED_AVAILABILITY = YES_AGGRESSIVE;
				CLANG_WARN_UNREACHABLE_CODE = YES;
				CLANG_WARN__DUPLICATE_METHOD_MATCH = YES;
				COPY_PHASE_STRIP = NO;
				DEBUG_INFORMATION_FORMAT = dwarf;
				ENABLE_STRICT_OBJC_MSGSEND = YES;
				ENABLE_TESTABILITY = YES;
				GCC_C_LANGUAGE_STANDARD = gnu11;
				GCC_DYNAMIC_NO_PIC = NO;
				GCC_NO_COMMON_BLOCKS = YES;
				GCC_OPTIMIZATION_LEVEL = 0;
				GCC_PREPROCESSOR_DEFINITIONS = (
					"DEBUG=1",
					"$(inherited)",
				);
				GCC_WARN_64_TO_32_BIT_CONVERSION = YES;
				GCC_WARN_ABOUT_RETURN_TYPE = YES_ERROR;
				GCC_WARN_UNDECLARED_SELECTOR = YES;
				GCC_WARN_UNINITIALIZED_AUTOS = YES_AGGRESSIVE;
				GCC_WARN_UNUSED_FUNCTION = YES;
				GCC_WARN_UNUSED_VARIABLE = YES;
				IPHONEOS_DEPLOYMENT_TARGET = 14.3;
				MTL_ENABLE_DEBUG_INFO = INCLUDE_SOURCE;
				MTL_FAST_MATH = YES;
				ONLY_ACTIVE_ARCH = YES;
				SDKROOT = iphoneos;
			};
			name = Debug;
		};
		342BCE5B2590344E00E5222F /* Release */ = {
			isa = XCBuildConfiguration;
			buildSettings = {
				ALWAYS_SEARCH_USER_PATHS = NO;
				CLANG_ANALYZER_NONNULL = YES;
				CLANG_ANALYZER_NUMBER_OBJECT_CONVERSION = YES_AGGRESSIVE;
				CLANG_CXX_LANGUAGE_STANDARD = "gnu++14";
				CLANG_CXX_LIBRARY = "libc++";
				CLANG_ENABLE_MODULES = YES;
				CLANG_ENABLE_OBJC_ARC = YES;
				CLANG_ENABLE_OBJC_WEAK = YES;
				CLANG_WARN_BLOCK_CAPTURE_AUTORELEASING = YES;
				CLANG_WARN_BOOL_CONVERSION = YES;
				CLANG_WARN_COMMA = YES;
				CLANG_WARN_CONSTANT_CONVERSION = YES;
				CLANG_WARN_DEPRECATED_OBJC_IMPLEMENTATIONS = YES;
				CLANG_WARN_DIRECT_OBJC_ISA_USAGE = YES_ERROR;
				CLANG_WARN_DOCUMENTATION_COMMENTS = YES;
				CLANG_WARN_EMPTY_BODY = YES;
				CLANG_WARN_ENUM_CONVERSION = YES;
				CLANG_WARN_INFINITE_RECURSION = YES;
				CLANG_WARN_INT_CONVERSION = YES;
				CLANG_WARN_NON_LITERAL_NULL_CONVERSION = YES;
				CLANG_WARN_OBJC_IMPLICIT_RETAIN_SELF = YES;
				CLANG_WARN_OBJC_LITERAL_CONVERSION = YES;
				CLANG_WARN_OBJC_ROOT_CLASS = YES_ERROR;
				CLANG_WARN_QUOTED_INCLUDE_IN_FRAMEWORK_HEADER = YES;
				CLANG_WARN_RANGE_LOOP_ANALYSIS = YES;
				CLANG_WARN_STRICT_PROTOTYPES = YES;
				CLANG_WARN_SUSPICIOUS_MOVE = YES;
				CLANG_WARN_UNGUARDED_AVAILABILITY = YES_AGGRESSIVE;
				CLANG_WARN_UNREACHABLE_CODE = YES;
				CLANG_WARN__DUPLICATE_METHOD_MATCH = YES;
				COPY_PHASE_STRIP = NO;
				DEBUG_INFORMATION_FORMAT = "dwarf-with-dsym";
				ENABLE_NS_ASSERTIONS = NO;
				ENABLE_STRICT_OBJC_MSGSEND = YES;
				GCC_C_LANGUAGE_STANDARD = gnu11;
				GCC_NO_COMMON_BLOCKS = YES;
				GCC_WARN_64_TO_32_BIT_CONVERSION = YES;
				GCC_WARN_ABOUT_RETURN_TYPE = YES_ERROR;
				GCC_WARN_UNDECLARED_SELECTOR = YES;
				GCC_WARN_UNINITIALIZED_AUTOS = YES_AGGRESSIVE;
				GCC_WARN_UNUSED_FUNCTION = YES;
				GCC_WARN_UNUSED_VARIABLE = YES;
				IPHONEOS_DEPLOYMENT_TARGET = 14.3;
				MTL_ENABLE_DEBUG_INFO = NO;
				MTL_FAST_MATH = YES;
				SDKROOT = iphoneos;
				VALIDATE_PRODUCT = YES;
			};
			name = Release;
		};
		342BCE5D2590344E00E5222F /* Debug */ = {
			isa = XCBuildConfiguration;
			buildSettings = {
				ASSETCATALOG_COMPILER_APPICON_NAME = AppIcon;
				ASSETCATALOG_COMPILER_GLOBAL_ACCENT_COLOR_NAME = AccentColor;
				CODE_SIGN_STYLE = Automatic;
				DEVELOPMENT_TEAM = J9BS8VTJP3;
				INFOPLIST_FILE = TwinTongji/Info.plist;
				LD_RUNPATH_SEARCH_PATHS = (
					"$(inherited)",
					"@executable_path/Frameworks",
				);
				PRODUCT_BUNDLE_IDENTIFIER = "Tongji-Univeristy.TwinTongji";
				PRODUCT_NAME = "$(TARGET_NAME)";
				TARGETED_DEVICE_FAMILY = "1,2";
			};
			name = Debug;
		};
		342BCE5E2590344E00E5222F /* Release */ = {
			isa = XCBuildConfiguration;
			buildSettings = {
				ASSETCATALOG_COMPILER_APPICON_NAME = AppIcon;
				ASSETCATALOG_COMPILER_GLOBAL_ACCENT_COLOR_NAME = AccentColor;
				CODE_SIGN_STYLE = Automatic;
				DEVELOPMENT_TEAM = J9BS8VTJP3;
				INFOPLIST_FILE = TwinTongji/Info.plist;
				LD_RUNPATH_SEARCH_PATHS = (
					"$(inherited)",
					"@executable_path/Frameworks",
				);
				PRODUCT_BUNDLE_IDENTIFIER = "Tongji-Univeristy.TwinTongji";
				PRODUCT_NAME = "$(TARGET_NAME)";
				TARGETED_DEVICE_FAMILY = "1,2";
			};
			name = Release;
		};
		342BCE602590344E00E5222F /* Debug */ = {
			isa = XCBuildConfiguration;
			buildSettings = {
				BUNDLE_LOADER = "$(TEST_HOST)";
				CODE_SIGN_STYLE = Automatic;
				INFOPLIST_FILE = TwinTongjiTests/Info.plist;
				IPHONEOS_DEPLOYMENT_TARGET = 14.3;
				LD_RUNPATH_SEARCH_PATHS = (
					"$(inherited)",
					"@executable_path/Frameworks",
					"@loader_path/Frameworks",
				);
				PRODUCT_BUNDLE_IDENTIFIER = "Tongji-Univeristy.TwinTongjiTests";
				PRODUCT_NAME = "$(TARGET_NAME)";
				TARGETED_DEVICE_FAMILY = "1,2";
				TEST_HOST = "$(BUILT_PRODUCTS_DIR)/TwinTongji.app/TwinTongji";
			};
			name = Debug;
		};
		342BCE612590344E00E5222F /* Release */ = {
			isa = XCBuildConfiguration;
			buildSettings = {
				BUNDLE_LOADER = "$(TEST_HOST)";
				CODE_SIGN_STYLE = Automatic;
				INFOPLIST_FILE = TwinTongjiTests/Info.plist;
				IPHONEOS_DEPLOYMENT_TARGET = 14.3;
				LD_RUNPATH_SEARCH_PATHS = (
					"$(inherited)",
					"@executable_path/Frameworks",
					"@loader_path/Frameworks",
				);
				PRODUCT_BUNDLE_IDENTIFIER = "Tongji-Univeristy.TwinTongjiTests";
				PRODUCT_NAME = "$(TARGET_NAME)";
				TARGETED_DEVICE_FAMILY = "1,2";
				TEST_HOST = "$(BUILT_PRODUCTS_DIR)/TwinTongji.app/TwinTongji";
			};
			name = Release;
		};
		342BCE632590344E00E5222F /* Debug */ = {
			isa = XCBuildConfiguration;
			buildSettings = {
				CODE_SIGN_STYLE = Automatic;
				INFOPLIST_FILE = TwinTongjiUITests/Info.plist;
				LD_RUNPATH_SEARCH_PATHS = (
					"$(inherited)",
					"@executable_path/Frameworks",
					"@loader_path/Frameworks",
				);
				PRODUCT_BUNDLE_IDENTIFIER = "Tongji-Univeristy.TwinTongjiUITests";
				PRODUCT_NAME = "$(TARGET_NAME)";
				TARGETED_DEVICE_FAMILY = "1,2";
				TEST_TARGET_NAME = TwinTongji;
			};
			name = Debug;
		};
		342BCE642590344E00E5222F /* Release */ = {
			isa = XCBuildConfiguration;
			buildSettings = {
				CODE_SIGN_STYLE = Automatic;
				INFOPLIST_FILE = TwinTongjiUITests/Info.plist;
				LD_RUNPATH_SEARCH_PATHS = (
					"$(inherited)",
					"@executable_path/Frameworks",
					"@loader_path/Frameworks",
				);
				PRODUCT_BUNDLE_IDENTIFIER = "Tongji-Univeristy.TwinTongjiUITests";
				PRODUCT_NAME = "$(TARGET_NAME)";
				TARGETED_DEVICE_FAMILY = "1,2";
				TEST_TARGET_NAME = TwinTongji;
			};
			name = Release;
		};
/* End XCBuildConfiguration section */

/* Begin XCConfigurationList section */
		342BCE252590344C00E5222F /* Build configuration list for PBXProject "TwinTongji" */ = {
			isa = XCConfigurationList;
			buildConfigurations = (
				342BCE5A2590344E00E5222F /* Debug */,
				342BCE5B2590344E00E5222F /* Release */,
			);
			defaultConfigurationIsVisible = 0;
			defaultConfigurationName = Release;
		};
		342BCE5C2590344E00E5222F /* Build configuration list for PBXNativeTarget "TwinTongji" */ = {
			isa = XCConfigurationList;
			buildConfigurations = (
				342BCE5D2590344E00E5222F /* Debug */,
				342BCE5E2590344E00E5222F /* Release */,
			);
			defaultConfigurationIsVisible = 0;
			defaultConfigurationName = Release;
		};
		342BCE5F2590344E00E5222F /* Build configuration list for PBXNativeTarget "TwinTongjiTests" */ = {
			isa = XCConfigurationList;
			buildConfigurations = (
				342BCE602590344E00E5222F /* Debug */,
				342BCE612590344E00E5222F /* Release */,
			);
			defaultConfigurationIsVisible = 0;
			defaultConfigurationName = Release;
		};
		342BCE622590344E00E5222F /* Build configuration list for PBXNativeTarget "TwinTongjiUITests" */ = {
			isa = XCConfigurationList;
			buildConfigurations = (
				342BCE632590344E00E5222F /* Debug */,
				342BCE642590344E00E5222F /* Release */,
			);
			defaultConfigurationIsVisible = 0;
			defaultConfigurationName = Release;
		};
/* End XCConfigurationList section */

/* Begin XCVersionGroup section */
		342BCE392590344C00E5222F /* TwinTongji.xcdatamodeld */ = {
			isa = XCVersionGroup;
			children = (
				342BCE3A2590344C00E5222F /* TwinTongji.xcdatamodel */,
			);
			currentVersion = 342BCE3A2590344C00E5222F /* TwinTongji.xcdatamodel */;
			path = TwinTongji.xcdatamodeld;
			sourceTree = "<group>";
			versionGroupType = wrapper.xcdatamodel;
		};
/* End XCVersionGroup section */
	};
	rootObject = 342BCE222590344C00E5222F /* Project object */;
}
